{
  "version": 4,
  "terraform_version": "1.5.7",
  "serial": 188,
  "lineage": "48f748eb-0482-0f95-632d-bce07bed2984",
  "outputs": {
    "artifact_registry_repository": {
      "value": "perplexity-clone-repository",
      "type": "string"
    },
    "backend_url": {
      "value": "https://perplexity-clone-backend-rg6a7wrdka-uc.a.run.app",
      "type": "string"
    },
    "frontend_url": {
      "value": "https://perplexity-clone-frontend-rg6a7wrdka-uc.a.run.app",
      "type": "string"
    },
    "load_balancer_ip": {
      "value": "34.120.207.183",
      "type": "string"
    },
    "project_id": {
      "value": "perplexity-clone-468820",
      "type": "string"
    },
    "region": {
      "value": "us-central1",
      "type": "string"
    },
    "scheduler_service_account_email": {
      "value": "perplexity-clone-scheduler-sa@perplexity-clone-468820.iam.gserviceaccount.com",
      "type": "string"
    },
    "service_account_email": {
      "value": "perplexity-clone-cloud-run-sa@perplexity-clone-468820.iam.gserviceaccount.com",
      "type": "string"
    },
    "vpc_network": {
      "value": "perplexity-clone-vpc",
      "type": "string"
    }
  },
  "resources": [
    {
      "mode": "managed",
      "type": "google_app_engine_application",
      "name": "default",
      "provider": "provider[\"registry.terraform.io/hashicorp/google\"]",
      "instances": [
        {
          "schema_version": 0,
          "attributes": {
            "app_id": "perplexity-clone-468820",
            "auth_domain": "gmail.com",
            "code_bucket": "staging.perplexity-clone-468820.appspot.com",
            "database_type": "CLOUD_FIRESTORE",
            "default_bucket": "perplexity-clone-468820.appspot.com",
            "default_hostname": "perplexity-clone-468820.uc.r.appspot.com",
            "feature_settings": [
              {
                "split_health_checks": true
              }
            ],
            "gcr_domain": "us.gcr.io",
            "iap": [],
            "id": "perplexity-clone-468820",
            "location_id": "us-central",
            "name": "apps/perplexity-clone-468820",
            "project": "perplexity-clone-468820",
            "serving_status": "SERVING",
            "timeouts": null,
            "url_dispatch_rule": []
          },
          "sensitive_attributes": [],
          "private": "eyJlMmJmYjczMC1lY2FhLTExZTYtOGY4OC0zNDM2M2JjN2M0YzAiOnsiY3JlYXRlIjoyNDAwMDAwMDAwMDAsInVwZGF0ZSI6MjQwMDAwMDAwMDAwfSwic2NoZW1hX3ZlcnNpb24iOiIwIn0=",
          "dependencies": [
            "google_project_service.appengine"
          ]
        }
      ]
    },
    {
      "mode": "managed",
      "type": "google_artifact_registry_repository",
      "name": "app_repository",
      "provider": "provider[\"registry.terraform.io/hashicorp/google\"]",
      "instances": [
        {
          "schema_version": 0,
          "attributes": {
            "cleanup_policies": [],
            "cleanup_policy_dry_run": false,
            "create_time": "2025-09-30T01:14:01.150330Z",
            "description": "Docker repository for perplexity-clone application images",
            "docker_config": [],
            "effective_labels": {
              "app": "perplexity-clone",
              "cost-center": "engineering",
              "environment": "dev",
              "managed-by": "terraform",
              "team": "platform"
            },
            "format": "DOCKER",
            "id": "projects/perplexity-clone-468820/locations/us-central1/repositories/perplexity-clone-repository",
            "kms_key_name": "",
            "labels": {
              "app": "perplexity-clone",
              "cost-center": "engineering",
              "environment": "dev",
              "managed-by": "terraform",
              "team": "platform"
            },
            "location": "us-central1",
            "maven_config": [],
            "mode": "STANDARD_REPOSITORY",
            "name": "perplexity-clone-repository",
            "project": "perplexity-clone-468820",
            "remote_repository_config": [],
            "repository_id": "perplexity-clone-repository",
            "terraform_labels": {
              "app": "perplexity-clone",
              "cost-center": "engineering",
              "environment": "dev",
              "managed-by": "terraform",
              "team": "platform"
            },
            "timeouts": null,
            "update_time": "2025-09-30T06:32:32.072291Z",
            "virtual_repository_config": []
          },
          "sensitive_attributes": [],
          "private": "eyJlMmJmYjczMC1lY2FhLTExZTYtOGY4OC0zNDM2M2JjN2M0YzAiOnsiY3JlYXRlIjoxMjAwMDAwMDAwMDAwLCJkZWxldGUiOjEyMDAwMDAwMDAwMDAsInVwZGF0ZSI6MTIwMDAwMDAwMDAwMH19"
        }
      ]
    },
    {
      "mode": "managed",
      "type": "google_artifact_registry_repository_iam_member",
      "name": "repository_reader",
      "provider": "provider[\"registry.terraform.io/hashicorp/google\"]",
      "instances": [
        {
          "schema_version": 0,
          "attributes": {
            "condition": [],
            "etag": "BwY/+nhLuVs=",
            "id": "projects/perplexity-clone-468820/locations/us-central1/repositories/perplexity-clone-repository/roles/artifactregistry.reader/serviceAccount:perplexity-clone-cloud-run-sa@perplexity-clone-468820.iam.gserviceaccount.com",
            "location": "us-central1",
            "member": "serviceAccount:perplexity-clone-cloud-run-sa@perplexity-clone-468820.iam.gserviceaccount.com",
            "project": "perplexity-clone-468820",
            "repository": "projects/perplexity-clone-468820/locations/us-central1/repositories/perplexity-clone-repository",
            "role": "roles/artifactregistry.reader"
          },
          "sensitive_attributes": [],
          "private": "bnVsbA==",
          "dependencies": [
            "google_artifact_registry_repository.app_repository",
            "google_service_account.cloud_run_sa"
          ]
        }
      ]
    },
    {
      "mode": "managed",
      "type": "google_cloud_run_service_iam_member",
      "name": "backend_frontend_access",
      "provider": "provider[\"registry.terraform.io/hashicorp/google\"]",
      "instances": [
        {
          "schema_version": 0,
          "attributes": {
            "condition": [],
            "etag": "BwY//GTc4qI=",
            "id": "v1/projects/perplexity-clone-468820/locations/us-central1/services/perplexity-clone-backend/roles/run.invoker/serviceAccount:perplexity-clone-cloud-run-sa@perplexity-clone-468820.iam.gserviceaccount.com",
            "location": "us-central1",
            "member": "serviceAccount:perplexity-clone-cloud-run-sa@perplexity-clone-468820.iam.gserviceaccount.com",
            "project": "perplexity-clone-468820",
            "role": "roles/run.invoker",
            "service": "v1/projects/perplexity-clone-468820/locations/us-central1/services/perplexity-clone-backend"
          },
          "sensitive_attributes": [],
          "private": "bnVsbA==",
          "dependencies": [
            "google_cloud_run_v2_service.backend",
            "google_compute_global_address.lb_ip",
            "google_compute_network.vpc",
            "google_project_service.required",
            "google_service_account.cloud_run_sa",
            "google_vpc_access_connector.cloud_run"
          ]
        }
      ]
    },
    {
      "mode": "managed",
      "type": "google_cloud_run_service_iam_member",
      "name": "backend_public_access",
      "provider": "provider[\"registry.terraform.io/hashicorp/google\"]",
      "instances": [
        {
          "schema_version": 0,
          "attributes": {
            "condition": [],
            "etag": "BwY//GTc4qI=",
            "id": "v1/projects/perplexity-clone-468820/locations/us-central1/services/perplexity-clone-backend/roles/run.invoker/allUsers",
            "location": "us-central1",
            "member": "allUsers",
            "project": "perplexity-clone-468820",
            "role": "roles/run.invoker",
            "service": "v1/projects/perplexity-clone-468820/locations/us-central1/services/perplexity-clone-backend"
          },
          "sensitive_attributes": [],
          "private": "bnVsbA==",
          "dependencies": [
            "google_cloud_run_v2_service.backend",
            "google_compute_global_address.lb_ip",
            "google_compute_network.vpc",
            "google_project_service.required",
            "google_service_account.cloud_run_sa",
            "google_vpc_access_connector.cloud_run"
          ]
        }
      ]
    },
    {
      "mode": "managed",
      "type": "google_cloud_run_service_iam_member",
      "name": "dispatcher_scheduler_invoker",
      "provider": "provider[\"registry.terraform.io/hashicorp/google\"]",
      "instances": [
        {
          "schema_version": 0,
          "attributes": {
            "condition": [],
            "etag": "BwY//v2fJzA=",
            "id": "v1/projects/perplexity-clone-468820/locations/us-central1/services/perplexity-clone-dispatcher/roles/run.invoker/serviceAccount:perplexity-clone-scheduler-sa@perplexity-clone-468820.iam.gserviceaccount.com",
            "location": "us-central1",
            "member": "serviceAccount:perplexity-clone-scheduler-sa@perplexity-clone-468820.iam.gserviceaccount.com",
            "project": "perplexity-clone-468820",
            "role": "roles/run.invoker",
            "service": "v1/projects/perplexity-clone-468820/locations/us-central1/services/perplexity-clone-dispatcher"
          },
          "sensitive_attributes": [],
          "private": "bnVsbA==",
          "dependencies": [
            "google_cloud_run_v2_service.dispatcher",
            "google_compute_global_address.psa_range",
            "google_compute_network.vpc",
            "google_project_service.required",
            "google_redis_instance.change_cache",
            "google_service_account.cloud_run_sa",
            "google_service_account.scheduler_sa",
            "google_service_networking_connection.psa_connection",
            "google_vpc_access_connector.cloud_run"
          ]
        }
      ]
    },
    {
      "mode": "managed",
      "type": "google_cloud_run_service_iam_member",
      "name": "frontend_public",
      "provider": "provider[\"registry.terraform.io/hashicorp/google\"]",
      "instances": [
        {
          "schema_version": 0,
          "attributes": {
            "condition": [],
            "etag": "BwY//GQI1RI=",
            "id": "v1/projects/perplexity-clone-468820/locations/us-central1/services/perplexity-clone-frontend/roles/run.invoker/allUsers",
            "location": "us-central1",
            "member": "allUsers",
            "project": "perplexity-clone-468820",
            "role": "roles/run.invoker",
            "service": "v1/projects/perplexity-clone-468820/locations/us-central1/services/perplexity-clone-frontend"
          },
          "sensitive_attributes": [],
          "private": "bnVsbA==",
          "dependencies": [
            "google_cloud_run_v2_service.frontend",
            "google_compute_global_address.lb_ip",
            "google_compute_network.vpc",
            "google_project_service.required",
            "google_service_account.cloud_run_sa",
            "google_vpc_access_connector.cloud_run"
          ]
        }
      ]
    },
    {
      "mode": "managed",
      "type": "google_cloud_run_v2_service",
      "name": "backend",
      "provider": "provider[\"registry.terraform.io/hashicorp/google\"]",
      "instances": [
        {
          "schema_version": 0,
          "attributes": {
            "annotations": {},
            "binary_authorization": [],
            "client": "",
            "client_version": "",
            "conditions": [
              {
                "execution_reason": "",
                "last_transition_time": "2025-09-30T06:37:33.380341Z",
                "message": "",
                "reason": "",
                "revision_reason": "",
                "severity": "",
                "state": "CONDITION_SUCCEEDED",
                "type": "RoutesReady"
              },
              {
                "execution_reason": "",
                "last_transition_time": "2025-09-30T06:37:32.147085Z",
                "message": "",
                "reason": "",
                "revision_reason": "",
                "severity": "",
                "state": "CONDITION_SUCCEEDED",
                "type": "ConfigurationsReady"
              }
            ],
            "create_time": "2025-09-30T03:31:31.823847Z",
            "creator": "perplexityclone1@gmail.com",
            "custom_audiences": [],
            "delete_time": "",
            "description": "",
            "effective_annotations": {},
            "effective_labels": {
              "app": "perplexity-clone",
              "cost-center": "engineering",
              "environment": "dev",
              "managed-by": "terraform",
              "service": "backend",
              "team": "platform"
            },
            "etag": "\"CJ717cYGEJjEgRM/cHJvamVjdHMvcGVycGxleGl0eS1jbG9uZS00Njg4MjAvbG9jYXRpb25zL3VzLWNlbnRyYWwxL3NlcnZpY2VzL3BlcnBsZXhpdHktY2xvbmUtYmFja2VuZA\"",
            "expire_time": "",
            "generation": "6",
            "id": "projects/perplexity-clone-468820/locations/us-central1/services/perplexity-clone-backend",
            "ingress": "INGRESS_TRAFFIC_ALL",
            "labels": {
              "app": "perplexity-clone",
              "cost-center": "engineering",
              "environment": "dev",
              "managed-by": "terraform",
              "service": "backend",
              "team": "platform"
            },
            "last_modifier": "perplexityclone1@gmail.com",
            "latest_created_revision": "projects/perplexity-clone-468820/locations/us-central1/services/perplexity-clone-backend/revisions/perplexity-clone-backend-00006-g4p",
            "latest_ready_revision": "projects/perplexity-clone-468820/locations/us-central1/services/perplexity-clone-backend/revisions/perplexity-clone-backend-00006-g4p",
            "launch_stage": "GA",
            "location": "us-central1",
            "name": "perplexity-clone-backend",
            "observed_generation": "6",
            "project": "perplexity-clone-468820",
            "reconciling": false,
            "template": [
              {
                "annotations": {},
                "containers": [
                  {
                    "args": [],
                    "command": [],
                    "depends_on": [],
                    "env": [
                      {
                        "name": "ENVIRONMENT",
                        "value": "dev",
                        "value_source": []
                      },
                      {
                        "name": "PROJECT_ID",
                        "value": "perplexity-clone-468820",
                        "value_source": []
                      },
                      {
                        "name": "REGION",
                        "value": "us-central1",
                        "value_source": []
                      },
                      {
                        "name": "CORS_ORIGINS",
                        "value": "http://localhost:3000,https://localhost:3000,https://perplexity-clone-frontend-rg6a7wrdka-uc.a.run.app,https://perplexity-clone-backend-rg6a7wrdka-uc.a.run.app,https://perplexity-clone-frontend-233562799891.us-central1.run.app/,https://perplexity-clone-backend-233562799891.us-central1.run.app/,https://34.120.207.183,http://34.120.207.183",
                        "value_source": []
                      },
                      {
                        "name": "FRONTEND_URL",
                        "value": "https://perplexity-clone-frontend-perplexity-clone-468820.us-central1.run.app",
                        "value_source": []
                      },
                      {
                        "name": "LOAD_BALANCER_URL",
                        "value": "https://34.120.207.183",
                        "value_source": []
                      },
                      {
                        "name": "SERPER_API_KEY",
                        "value": "",
                        "value_source": []
                      },
                      {
                        "name": "GOOGLE_AI_API_KEY",
                        "value": "",
                        "value_source": []
                      },
                      {
                        "name": "GCP_PROJECT_ID",
                        "value": "perplexity-clone-468820",
                        "value_source": []
                      },
                      {
                        "name": "FIRESTORE_COLLECTION",
                        "value": "topic_subscriptions",
                        "value_source": []
                      }
                    ],
                    "image": "us-central1-docker.pkg.dev/perplexity-clone-468820/perplexity-clone-repository/backend:latest",
                    "liveness_probe": [],
                    "name": "",
                    "ports": [
                      {
                        "container_port": 8000,
                        "name": "http1"
                      }
                    ],
                    "resources": [
                      {
                        "cpu_idle": false,
                        "limits": {
                          "cpu": "1000m",
                          "memory": "1Gi"
                        },
                        "startup_cpu_boost": false
                      }
                    ],
                    "startup_probe": [
                      {
                        "failure_threshold": 1,
                        "grpc": [],
                        "http_get": [],
                        "initial_delay_seconds": 0,
                        "period_seconds": 240,
                        "tcp_socket": [
                          {
                            "port": 8000
                          }
                        ],
                        "timeout_seconds": 240
                      }
                    ],
                    "volume_mounts": [],
                    "working_dir": ""
                  }
                ],
                "encryption_key": "",
                "execution_environment": "",
                "labels": {},
                "max_instance_request_concurrency": 80,
                "revision": "",
                "scaling": [
                  {
                    "max_instance_count": 10,
                    "min_instance_count": 0
                  }
                ],
                "service_account": "perplexity-clone-cloud-run-sa@perplexity-clone-468820.iam.gserviceaccount.com",
                "session_affinity": false,
                "timeout": "300s",
                "volumes": [],
                "vpc_access": [
                  {
                    "connector": "projects/perplexity-clone-468820/locations/us-central1/connectors/perplexity-clone-conn",
                    "egress": "ALL_TRAFFIC",
                    "network_interfaces": []
                  }
                ]
              }
            ],
            "terminal_condition": [
              {
                "execution_reason": "",
                "last_transition_time": "2025-09-30T06:37:33.419436Z",
                "message": "",
                "reason": "",
                "revision_reason": "",
                "severity": "",
                "state": "CONDITION_SUCCEEDED",
                "type": "Ready"
              }
            ],
            "terraform_labels": {
              "app": "perplexity-clone",
              "cost-center": "engineering",
              "environment": "dev",
              "managed-by": "terraform",
              "service": "backend",
              "team": "platform"
            },
            "timeouts": null,
            "traffic": [
              {
                "percent": 100,
                "revision": "",
                "tag": "",
                "type": "TRAFFIC_TARGET_ALLOCATION_TYPE_LATEST"
              }
            ],
            "traffic_statuses": [
              {
                "percent": 100,
                "revision": "",
                "tag": "",
                "type": "TRAFFIC_TARGET_ALLOCATION_TYPE_LATEST",
                "uri": ""
              }
            ],
            "uid": "cee18b1e-6511-4dfc-9030-6a07078d47a7",
            "update_time": "2025-09-30T06:37:18.039871Z",
            "uri": "https://perplexity-clone-backend-rg6a7wrdka-uc.a.run.app"
          },
          "sensitive_attributes": [
            [
              {
                "type": "get_attr",
                "value": "template"
              },
              {
                "type": "index",
                "value": {
                  "value": 0,
                  "type": "number"
                }
              },
              {
                "type": "get_attr",
                "value": "containers"
              },
              {
                "type": "index",
                "value": {
                  "value": 0,
                  "type": "number"
                }
              },
              {
                "type": "get_attr",
                "value": "env"
              },
              {
                "type": "index",
                "value": {
                  "value": 6,
                  "type": "number"
                }
              },
              {
                "type": "get_attr",
                "value": "value"
              }
            ],
            [
              {
                "type": "get_attr",
                "value": "template"
              },
              {
                "type": "index",
                "value": {
                  "value": 0,
                  "type": "number"
                }
              },
              {
                "type": "get_attr",
                "value": "containers"
              },
              {
                "type": "index",
                "value": {
                  "value": 0,
                  "type": "number"
                }
              },
              {
                "type": "get_attr",
                "value": "env"
              },
              {
                "type": "index",
                "value": {
                  "value": 7,
                  "type": "number"
                }
              },
              {
                "type": "get_attr",
                "value": "value"
              }
            ]
          ],
          "private": "eyJlMmJmYjczMC1lY2FhLTExZTYtOGY4OC0zNDM2M2JjN2M0YzAiOnsiY3JlYXRlIjoxMjAwMDAwMDAwMDAwLCJkZWxldGUiOjEyMDAwMDAwMDAwMDAsInVwZGF0ZSI6MTIwMDAwMDAwMDAwMH19",
          "dependencies": [
            "google_compute_global_address.lb_ip",
            "google_compute_network.vpc",
            "google_project_service.required",
            "google_service_account.cloud_run_sa",
            "google_vpc_access_connector.cloud_run"
          ]
        }
      ]
    },
    {
      "mode": "managed",
      "type": "google_cloud_run_v2_service",
      "name": "dispatcher",
      "provider": "provider[\"registry.terraform.io/hashicorp/google\"]",
      "instances": [
        {
          "schema_version": 0,
          "attributes": {
            "annotations": {},
            "binary_authorization": [],
            "client": "",
            "client_version": "",
            "conditions": [
              {
                "execution_reason": "",
                "last_transition_time": "2025-09-30T06:37:41.125042Z",
                "message": "",
                "reason": "",
                "revision_reason": "",
                "severity": "",
                "state": "CONDITION_SUCCEEDED",
                "type": "RoutesReady"
              },
              {
                "execution_reason": "",
                "last_transition_time": "2025-09-30T06:37:39.928578Z",
                "message": "",
                "reason": "",
                "revision_reason": "",
                "severity": "",
                "state": "CONDITION_SUCCEEDED",
                "type": "ConfigurationsReady"
              }
            ],
            "create_time": "2025-09-30T06:37:28.436392Z",
            "creator": "perplexityclone1@gmail.com",
            "custom_audiences": [],
            "delete_time": "",
            "description": "",
            "effective_annotations": {},
            "effective_labels": {
              "app": "perplexity-clone",
              "environment": "dev",
              "managed-by": "terraform",
              "service": "dispatcher"
            },
            "etag": "\"CKj17cYGEMCgi9AB/cHJvamVjdHMvcGVycGxleGl0eS1jbG9uZS00Njg4MjAvbG9jYXRpb25zL3VzLWNlbnRyYWwxL3NlcnZpY2VzL3BlcnBsZXhpdHktY2xvbmUtZGlzcGF0Y2hlcg\"",
            "expire_time": "",
            "generation": "1",
            "id": "projects/perplexity-clone-468820/locations/us-central1/services/perplexity-clone-dispatcher",
            "ingress": "INGRESS_TRAFFIC_ALL",
            "labels": {
              "app": "perplexity-clone",
              "environment": "dev",
              "managed-by": "terraform",
              "service": "dispatcher"
            },
            "last_modifier": "perplexityclone1@gmail.com",
            "latest_created_revision": "projects/perplexity-clone-468820/locations/us-central1/services/perplexity-clone-dispatcher/revisions/perplexity-clone-dispatcher-00001-m6m",
            "latest_ready_revision": "projects/perplexity-clone-468820/locations/us-central1/services/perplexity-clone-dispatcher/revisions/perplexity-clone-dispatcher-00001-m6m",
            "launch_stage": "GA",
            "location": "us-central1",
            "name": "perplexity-clone-dispatcher",
            "observed_generation": "1",
            "project": "perplexity-clone-468820",
            "reconciling": false,
            "template": [
              {
                "annotations": {},
                "containers": [
                  {
                    "args": [],
                    "command": [],
                    "depends_on": [],
                    "env": [
                      {
                        "name": "ENVIRONMENT",
                        "value": "dev",
                        "value_source": []
                      },
                      {
                        "name": "PROJECT_ID",
                        "value": "perplexity-clone-468820",
                        "value_source": []
                      },
                      {
                        "name": "REGION",
                        "value": "us-central1",
                        "value_source": []
                      },
                      {
                        "name": "FIRESTORE_COLLECTION",
                        "value": "topic_subscriptions",
                        "value_source": []
                      },
                      {
                        "name": "MEMORYSTORE_HOST",
                        "value": "10.136.0.3",
                        "value_source": []
                      },
                      {
                        "name": "MEMORYSTORE_PORT",
                        "value": "6379",
                        "value_source": []
                      }
                    ],
                    "image": "us-central1-docker.pkg.dev/perplexity-clone-468820/perplexity-clone-repository/dispatcher:latest",
                    "liveness_probe": [],
                    "name": "",
                    "ports": [
                      {
                        "container_port": 8000,
                        "name": "http1"
                      }
                    ],
                    "resources": [
                      {
                        "cpu_idle": false,
                        "limits": {
                          "cpu": "1000m",
                          "memory": "512Mi"
                        },
                        "startup_cpu_boost": false
                      }
                    ],
                    "startup_probe": [
                      {
                        "failure_threshold": 1,
                        "grpc": [],
                        "http_get": [],
                        "initial_delay_seconds": 0,
                        "period_seconds": 240,
                        "tcp_socket": [
                          {
                            "port": 8000
                          }
                        ],
                        "timeout_seconds": 240
                      }
                    ],
                    "volume_mounts": [],
                    "working_dir": ""
                  }
                ],
                "encryption_key": "",
                "execution_environment": "",
                "labels": {},
                "max_instance_request_concurrency": 80,
                "revision": "",
                "scaling": [
                  {
                    "max_instance_count": 5,
                    "min_instance_count": 0
                  }
                ],
                "service_account": "perplexity-clone-cloud-run-sa@perplexity-clone-468820.iam.gserviceaccount.com",
                "session_affinity": false,
                "timeout": "300s",
                "volumes": [],
                "vpc_access": [
                  {
                    "connector": "projects/perplexity-clone-468820/locations/us-central1/connectors/perplexity-clone-conn",
                    "egress": "ALL_TRAFFIC",
                    "network_interfaces": []
                  }
                ]
              }
            ],
            "terminal_condition": [
              {
                "execution_reason": "",
                "last_transition_time": "2025-09-30T06:37:41.162623Z",
                "message": "",
                "reason": "",
                "revision_reason": "",
                "severity": "",
                "state": "CONDITION_SUCCEEDED",
                "type": "Ready"
              }
            ],
            "terraform_labels": {
              "app": "perplexity-clone",
              "environment": "dev",
              "managed-by": "terraform",
              "service": "dispatcher"
            },
            "timeouts": null,
            "traffic": [
              {
                "percent": 100,
                "revision": "",
                "tag": "",
                "type": "TRAFFIC_TARGET_ALLOCATION_TYPE_LATEST"
              }
            ],
            "traffic_statuses": [
              {
                "percent": 100,
                "revision": "",
                "tag": "",
                "type": "TRAFFIC_TARGET_ALLOCATION_TYPE_LATEST",
                "uri": ""
              }
            ],
            "uid": "e8ae99fc-4b19-4623-aaac-ab8539fae5fd",
            "update_time": "2025-09-30T06:37:28.436392Z",
            "uri": "https://perplexity-clone-dispatcher-rg6a7wrdka-uc.a.run.app"
          },
          "sensitive_attributes": [],
          "private": "eyJlMmJmYjczMC1lY2FhLTExZTYtOGY4OC0zNDM2M2JjN2M0YzAiOnsiY3JlYXRlIjoxMjAwMDAwMDAwMDAwLCJkZWxldGUiOjEyMDAwMDAwMDAwMDAsInVwZGF0ZSI6MTIwMDAwMDAwMDAwMH19",
          "dependencies": [
            "google_compute_global_address.psa_range",
            "google_compute_network.vpc",
            "google_project_service.required",
            "google_redis_instance.change_cache",
            "google_service_account.cloud_run_sa",
            "google_service_networking_connection.psa_connection",
            "google_vpc_access_connector.cloud_run"
          ]
        }
      ]
    },
    {
      "mode": "managed",
      "type": "google_cloud_run_v2_service",
      "name": "frontend",
      "provider": "provider[\"registry.terraform.io/hashicorp/google\"]",
      "instances": [
        {
          "schema_version": 0,
          "attributes": {
            "annotations": {},
            "binary_authorization": [],
            "client": "",
            "client_version": "",
            "conditions": [
              {
                "execution_reason": "",
                "last_transition_time": "2025-09-30T06:37:28.988114Z",
                "message": "",
                "reason": "",
                "revision_reason": "",
                "severity": "",
                "state": "CONDITION_SUCCEEDED",
                "type": "RoutesReady"
              },
              {
                "execution_reason": "",
                "last_transition_time": "2025-09-30T06:37:27.741192Z",
                "message": "",
                "reason": "",
                "revision_reason": "",
                "severity": "",
                "state": "CONDITION_SUCCEEDED",
                "type": "ConfigurationsReady"
              }
            ],
            "create_time": "2025-09-30T03:31:31.847186Z",
            "creator": "perplexityclone1@gmail.com",
            "custom_audiences": [],
            "delete_time": "",
            "description": "",
            "effective_annotations": {},
            "effective_labels": {
              "app": "perplexity-clone",
              "cost-center": "engineering",
              "environment": "dev",
              "managed-by": "terraform",
              "service": "frontend",
              "team": "platform"
            },
            "etag": "\"CJ717cYGEKjQkRU/cHJvamVjdHMvcGVycGxleGl0eS1jbG9uZS00Njg4MjAvbG9jYXRpb25zL3VzLWNlbnRyYWwxL3NlcnZpY2VzL3BlcnBsZXhpdHktY2xvbmUtZnJvbnRlbmQ\"",
            "expire_time": "",
            "generation": "6",
            "id": "projects/perplexity-clone-468820/locations/us-central1/services/perplexity-clone-frontend",
            "ingress": "INGRESS_TRAFFIC_ALL",
            "labels": {
              "app": "perplexity-clone",
              "cost-center": "engineering",
              "environment": "dev",
              "managed-by": "terraform",
              "service": "frontend",
              "team": "platform"
            },
            "last_modifier": "perplexityclone1@gmail.com",
            "latest_created_revision": "projects/perplexity-clone-468820/locations/us-central1/services/perplexity-clone-frontend/revisions/perplexity-clone-frontend-00006-gkc",
            "latest_ready_revision": "projects/perplexity-clone-468820/locations/us-central1/services/perplexity-clone-frontend/revisions/perplexity-clone-frontend-00006-gkc",
            "launch_stage": "GA",
            "location": "us-central1",
            "name": "perplexity-clone-frontend",
            "observed_generation": "6",
            "project": "perplexity-clone-468820",
            "reconciling": false,
            "template": [
              {
                "annotations": {},
                "containers": [
                  {
                    "args": [],
                    "command": [],
                    "depends_on": [],
                    "env": [
                      {
                        "name": "ENVIRONMENT",
                        "value": "dev",
                        "value_source": []
                      },
                      {
                        "name": "NEXT_PUBLIC_LOAD_BALANCER_URL",
                        "value": "https://34.120.207.183",
                        "value_source": []
                      }
                    ],
                    "image": "us-central1-docker.pkg.dev/perplexity-clone-468820/perplexity-clone-repository/frontend:latest",
                    "liveness_probe": [],
                    "name": "",
                    "ports": [
                      {
                        "container_port": 3000,
                        "name": "http1"
                      }
                    ],
                    "resources": [
                      {
                        "cpu_idle": false,
                        "limits": {
                          "cpu": "1000m",
                          "memory": "2Gi"
                        },
                        "startup_cpu_boost": false
                      }
                    ],
                    "startup_probe": [
                      {
                        "failure_threshold": 1,
                        "grpc": [],
                        "http_get": [],
                        "initial_delay_seconds": 0,
                        "period_seconds": 240,
                        "tcp_socket": [
                          {
                            "port": 3000
                          }
                        ],
                        "timeout_seconds": 240
                      }
                    ],
                    "volume_mounts": [],
                    "working_dir": ""
                  }
                ],
                "encryption_key": "",
                "execution_environment": "",
                "labels": {},
                "max_instance_request_concurrency": 80,
                "revision": "",
                "scaling": [
                  {
                    "max_instance_count": 10,
                    "min_instance_count": 0
                  }
                ],
                "service_account": "perplexity-clone-cloud-run-sa@perplexity-clone-468820.iam.gserviceaccount.com",
                "session_affinity": false,
                "timeout": "300s",
                "volumes": [],
                "vpc_access": [
                  {
                    "connector": "projects/perplexity-clone-468820/locations/us-central1/connectors/perplexity-clone-conn",
                    "egress": "ALL_TRAFFIC",
                    "network_interfaces": []
                  }
                ]
              }
            ],
            "terminal_condition": [
              {
                "execution_reason": "",
                "last_transition_time": "2025-09-30T06:37:29.021192Z",
                "message": "",
                "reason": "",
                "revision_reason": "",
                "severity": "",
                "state": "CONDITION_SUCCEEDED",
                "type": "Ready"
              }
            ],
            "terraform_labels": {
              "app": "perplexity-clone",
              "cost-center": "engineering",
              "environment": "dev",
              "managed-by": "terraform",
              "service": "frontend",
              "team": "platform"
            },
            "timeouts": null,
            "traffic": [
              {
                "percent": 100,
                "revision": "",
                "tag": "",
                "type": "TRAFFIC_TARGET_ALLOCATION_TYPE_LATEST"
              }
            ],
            "traffic_statuses": [
              {
                "percent": 100,
                "revision": "",
                "tag": "",
                "type": "TRAFFIC_TARGET_ALLOCATION_TYPE_LATEST",
                "uri": ""
              }
            ],
            "uid": "a095561b-b72d-4fd6-bf4b-ca20b35a4b8a",
            "update_time": "2025-09-30T06:37:18.044329Z",
            "uri": "https://perplexity-clone-frontend-rg6a7wrdka-uc.a.run.app"
          },
          "sensitive_attributes": [],
          "private": "eyJlMmJmYjczMC1lY2FhLTExZTYtOGY4OC0zNDM2M2JjN2M0YzAiOnsiY3JlYXRlIjoxMjAwMDAwMDAwMDAwLCJkZWxldGUiOjEyMDAwMDAwMDAwMDAsInVwZGF0ZSI6MTIwMDAwMDAwMDAwMH19",
          "dependencies": [
            "google_compute_global_address.lb_ip",
            "google_compute_network.vpc",
            "google_project_service.required",
            "google_service_account.cloud_run_sa",
            "google_vpc_access_connector.cloud_run"
          ]
        }
      ]
    },
    {
      "mode": "managed",
      "type": "google_cloud_run_v2_service",
      "name": "worker",
      "provider": "provider[\"registry.terraform.io/hashicorp/google\"]",
      "instances": [
        {
          "schema_version": 0,
          "attributes": {
            "annotations": {},
            "binary_authorization": [],
            "client": "",
            "client_version": "",
            "conditions": [
              {
                "execution_reason": "",
                "last_transition_time": "2025-09-30T06:37:40.336334Z",
                "message": "",
                "reason": "",
                "revision_reason": "",
                "severity": "",
                "state": "CONDITION_SUCCEEDED",
                "type": "RoutesReady"
              },
              {
                "execution_reason": "",
                "last_transition_time": "2025-09-30T06:37:39.120627Z",
                "message": "",
                "reason": "",
                "revision_reason": "",
                "severity": "",
                "state": "CONDITION_SUCCEEDED",
                "type": "ConfigurationsReady"
              }
            ],
            "create_time": "2025-09-30T06:37:28.404888Z",
            "creator": "perplexityclone1@gmail.com",
            "custom_audiences": [],
            "delete_time": "",
            "description": "",
            "effective_annotations": {},
            "effective_labels": {
              "app": "perplexity-clone",
              "environment": "dev",
              "managed-by": "terraform",
              "service": "worker"
            },
            "etag": "\"CKj17cYGEMCziMEB/cHJvamVjdHMvcGVycGxleGl0eS1jbG9uZS00Njg4MjAvbG9jYXRpb25zL3VzLWNlbnRyYWwxL3NlcnZpY2VzL3BlcnBsZXhpdHktY2xvbmUtd29ya2Vy\"",
            "expire_time": "",
            "generation": "1",
            "id": "projects/perplexity-clone-468820/locations/us-central1/services/perplexity-clone-worker",
            "ingress": "INGRESS_TRAFFIC_ALL",
            "labels": {
              "app": "perplexity-clone",
              "environment": "dev",
              "managed-by": "terraform",
              "service": "worker"
            },
            "last_modifier": "perplexityclone1@gmail.com",
            "latest_created_revision": "projects/perplexity-clone-468820/locations/us-central1/services/perplexity-clone-worker/revisions/perplexity-clone-worker-00001-m9x",
            "latest_ready_revision": "projects/perplexity-clone-468820/locations/us-central1/services/perplexity-clone-worker/revisions/perplexity-clone-worker-00001-m9x",
            "launch_stage": "GA",
            "location": "us-central1",
            "name": "perplexity-clone-worker",
            "observed_generation": "1",
            "project": "perplexity-clone-468820",
            "reconciling": false,
            "template": [
              {
                "annotations": {},
                "containers": [
                  {
                    "args": [],
                    "command": [],
                    "depends_on": [],
                    "env": [
                      {
                        "name": "ENVIRONMENT",
                        "value": "dev",
                        "value_source": []
                      },
                      {
                        "name": "PROJECT_ID",
                        "value": "perplexity-clone-468820",
                        "value_source": []
                      },
                      {
                        "name": "REGION",
                        "value": "us-central1",
                        "value_source": []
                      },
                      {
                        "name": "FIRESTORE_COLLECTION",
                        "value": "topic_subscriptions",
                        "value_source": []
                      },
                      {
                        "name": "MEMORYSTORE_HOST",
                        "value": "10.136.0.3",
                        "value_source": []
                      },
                      {
                        "name": "MEMORYSTORE_PORT",
                        "value": "6379",
                        "value_source": []
                      }
                    ],
                    "image": "us-central1-docker.pkg.dev/perplexity-clone-468820/perplexity-clone-repository/worker:latest",
                    "liveness_probe": [],
                    "name": "",
                    "ports": [
                      {
                        "container_port": 8000,
                        "name": "http1"
                      }
                    ],
                    "resources": [
                      {
                        "cpu_idle": false,
                        "limits": {
                          "cpu": "1000m",
                          "memory": "1Gi"
                        },
                        "startup_cpu_boost": false
                      }
                    ],
                    "startup_probe": [
                      {
                        "failure_threshold": 1,
                        "grpc": [],
                        "http_get": [],
                        "initial_delay_seconds": 0,
                        "period_seconds": 240,
                        "tcp_socket": [
                          {
                            "port": 8000
                          }
                        ],
                        "timeout_seconds": 240
                      }
                    ],
                    "volume_mounts": [],
                    "working_dir": ""
                  }
                ],
                "encryption_key": "",
                "execution_environment": "",
                "labels": {},
                "max_instance_request_concurrency": 80,
                "revision": "",
                "scaling": [
                  {
                    "max_instance_count": 5,
                    "min_instance_count": 0
                  }
                ],
                "service_account": "perplexity-clone-cloud-run-sa@perplexity-clone-468820.iam.gserviceaccount.com",
                "session_affinity": false,
                "timeout": "300s",
                "volumes": [],
                "vpc_access": [
                  {
                    "connector": "projects/perplexity-clone-468820/locations/us-central1/connectors/perplexity-clone-conn",
                    "egress": "ALL_TRAFFIC",
                    "network_interfaces": []
                  }
                ]
              }
            ],
            "terminal_condition": [
              {
                "execution_reason": "",
                "last_transition_time": "2025-09-30T06:37:40.377399Z",
                "message": "",
                "reason": "",
                "revision_reason": "",
                "severity": "",
                "state": "CONDITION_SUCCEEDED",
                "type": "Ready"
              }
            ],
            "terraform_labels": {
              "app": "perplexity-clone",
              "environment": "dev",
              "managed-by": "terraform",
              "service": "worker"
            },
            "timeouts": null,
            "traffic": [
              {
                "percent": 100,
                "revision": "",
                "tag": "",
                "type": "TRAFFIC_TARGET_ALLOCATION_TYPE_LATEST"
              }
            ],
            "traffic_statuses": [
              {
                "percent": 100,
                "revision": "",
                "tag": "",
                "type": "TRAFFIC_TARGET_ALLOCATION_TYPE_LATEST",
                "uri": ""
              }
            ],
            "uid": "23e013a4-ee0e-4b88-abe3-d4d34479a86f",
            "update_time": "2025-09-30T06:37:28.404888Z",
            "uri": "https://perplexity-clone-worker-rg6a7wrdka-uc.a.run.app"
          },
          "sensitive_attributes": [],
          "private": "eyJlMmJmYjczMC1lY2FhLTExZTYtOGY4OC0zNDM2M2JjN2M0YzAiOnsiY3JlYXRlIjoxMjAwMDAwMDAwMDAwLCJkZWxldGUiOjEyMDAwMDAwMDAwMDAsInVwZGF0ZSI6MTIwMDAwMDAwMDAwMH19",
          "dependencies": [
            "google_compute_global_address.psa_range",
            "google_compute_network.vpc",
            "google_project_service.required",
            "google_redis_instance.change_cache",
            "google_service_account.cloud_run_sa",
            "google_service_networking_connection.psa_connection",
            "google_vpc_access_connector.cloud_run"
          ]
        }
      ]
    },
    {
      "mode": "managed",
      "type": "google_compute_backend_service",
      "name": "backend",
      "provider": "provider[\"registry.terraform.io/hashicorp/google\"]",
      "instances": [
        {
          "schema_version": 1,
          "attributes": {
            "affinity_cookie_ttl_sec": 0,
            "backend": [
              {
                "balancing_mode": "UTILIZATION",
                "capacity_scaler": 1,
                "description": "",
                "group": "https://www.googleapis.com/compute/v1/projects/perplexity-clone-468820/regions/us-central1/networkEndpointGroups/perplexity-clone-backend-neg",
                "max_connections": 0,
                "max_connections_per_endpoint": 0,
                "max_connections_per_instance": 0,
                "max_rate": 0,
                "max_rate_per_endpoint": 0,
                "max_rate_per_instance": 0,
                "max_utilization": 0
              }
            ],
            "cdn_policy": [],
            "circuit_breakers": [],
            "compression_mode": "",
            "connection_draining_timeout_sec": 300,
            "consistent_hash": [],
            "creation_timestamp": "2025-09-29T18:25:21.482-07:00",
            "custom_request_headers": [],
            "custom_response_headers": [],
            "description": "",
            "edge_security_policy": "",
            "enable_cdn": false,
            "fingerprint": "PDZ29PNAtvA=",
            "generated_id": 8508617197562007406,
            "health_checks": [],
            "iap": [],
            "id": "projects/perplexity-clone-468820/global/backendServices/perplexity-clone-backend-lb",
            "load_balancing_scheme": "EXTERNAL_MANAGED",
            "locality_lb_policies": [],
            "locality_lb_policy": "",
            "log_config": [],
            "name": "perplexity-clone-backend-lb",
            "outlier_detection": [],
            "port_name": "http",
            "project": "perplexity-clone-468820",
            "protocol": "HTTP",
            "security_policy": "",
            "security_settings": [],
            "self_link": "https://www.googleapis.com/compute/v1/projects/perplexity-clone-468820/global/backendServices/perplexity-clone-backend-lb",
            "service_lb_policy": "",
            "session_affinity": "NONE",
            "timeout_sec": 30,
            "timeouts": null
          },
          "sensitive_attributes": [],
          "private": "eyJlMmJmYjczMC1lY2FhLTExZTYtOGY4OC0zNDM2M2JjN2M0YzAiOnsiY3JlYXRlIjoxMjAwMDAwMDAwMDAwLCJkZWxldGUiOjEyMDAwMDAwMDAwMDAsInVwZGF0ZSI6MTIwMDAwMDAwMDAwMH0sInNjaGVtYV92ZXJzaW9uIjoiMSJ9",
          "dependencies": [
            "google_cloud_run_v2_service.backend",
            "google_compute_global_address.lb_ip",
            "google_compute_network.vpc",
            "google_compute_region_network_endpoint_group.backend_neg",
            "google_project_service.required",
            "google_service_account.cloud_run_sa",
            "google_vpc_access_connector.cloud_run"
          ]
        }
      ]
    },
    {
      "mode": "managed",
      "type": "google_compute_backend_service",
      "name": "dispatcher",
      "provider": "provider[\"registry.terraform.io/hashicorp/google\"]",
      "instances": [
        {
          "schema_version": 1,
          "attributes": {
            "affinity_cookie_ttl_sec": 0,
            "backend": [
              {
                "balancing_mode": "UTILIZATION",
                "capacity_scaler": 1,
                "description": "",
                "group": "https://www.googleapis.com/compute/v1/projects/perplexity-clone-468820/regions/us-central1/networkEndpointGroups/perplexity-clone-dispatcher-neg",
                "max_connections": 0,
                "max_connections_per_endpoint": 0,
                "max_connections_per_instance": 0,
                "max_rate": 0,
                "max_rate_per_endpoint": 0,
                "max_rate_per_instance": 0,
                "max_utilization": 0
              }
            ],
            "cdn_policy": [],
            "circuit_breakers": [],
            "compression_mode": "",
            "connection_draining_timeout_sec": 300,
            "consistent_hash": [],
            "creation_timestamp": "2025-09-29T23:16:09.970-07:00",
            "custom_request_headers": [],
            "custom_response_headers": [],
            "description": "",
            "edge_security_policy": "",
            "enable_cdn": false,
            "fingerprint": "aApLoUI66JI=",
            "generated_id": 402455038745037638,
            "health_checks": [],
            "iap": [],
            "id": "projects/perplexity-clone-468820/global/backendServices/perplexity-clone-dispatcher-lb",
            "load_balancing_scheme": "EXTERNAL_MANAGED",
            "locality_lb_policies": [],
            "locality_lb_policy": "",
            "log_config": [],
            "name": "perplexity-clone-dispatcher-lb",
            "outlier_detection": [],
            "port_name": "http",
            "project": "perplexity-clone-468820",
            "protocol": "HTTP",
            "security_policy": "",
            "security_settings": [],
            "self_link": "https://www.googleapis.com/compute/v1/projects/perplexity-clone-468820/global/backendServices/perplexity-clone-dispatcher-lb",
            "service_lb_policy": "",
            "session_affinity": "NONE",
            "timeout_sec": 30,
            "timeouts": null
          },
          "sensitive_attributes": [],
          "private": "eyJlMmJmYjczMC1lY2FhLTExZTYtOGY4OC0zNDM2M2JjN2M0YzAiOnsiY3JlYXRlIjoxMjAwMDAwMDAwMDAwLCJkZWxldGUiOjEyMDAwMDAwMDAwMDAsInVwZGF0ZSI6MTIwMDAwMDAwMDAwMH0sInNjaGVtYV92ZXJzaW9uIjoiMSJ9",
          "dependencies": [
            "google_cloud_run_v2_service.dispatcher",
            "google_compute_global_address.psa_range",
            "google_compute_network.vpc",
            "google_compute_region_network_endpoint_group.dispatcher_neg",
            "google_project_service.required",
            "google_redis_instance.change_cache",
            "google_service_account.cloud_run_sa",
            "google_service_networking_connection.psa_connection",
            "google_vpc_access_connector.cloud_run"
          ]
        }
      ]
    },
    {
      "mode": "managed",
      "type": "google_compute_backend_service",
      "name": "frontend",
      "provider": "provider[\"registry.terraform.io/hashicorp/google\"]",
      "instances": [
        {
          "schema_version": 1,
          "attributes": {
            "affinity_cookie_ttl_sec": 0,
            "backend": [
              {
                "balancing_mode": "UTILIZATION",
                "capacity_scaler": 1,
                "description": "",
                "group": "https://www.googleapis.com/compute/v1/projects/perplexity-clone-468820/regions/us-central1/networkEndpointGroups/perplexity-clone-frontend-neg",
                "max_connections": 0,
                "max_connections_per_endpoint": 0,
                "max_connections_per_instance": 0,
                "max_rate": 0,
                "max_rate_per_endpoint": 0,
                "max_rate_per_instance": 0,
                "max_utilization": 0
              }
            ],
            "cdn_policy": [],
            "circuit_breakers": [],
            "compression_mode": "",
            "connection_draining_timeout_sec": 300,
            "consistent_hash": [],
            "creation_timestamp": "2025-09-29T18:25:01.367-07:00",
            "custom_request_headers": [],
            "custom_response_headers": [],
            "description": "",
            "edge_security_policy": "",
            "enable_cdn": false,
            "fingerprint": "OAwMZ6txB1M=",
            "generated_id": 3208909368577134466,
            "health_checks": [],
            "iap": [],
            "id": "projects/perplexity-clone-468820/global/backendServices/perplexity-clone-frontend-lb",
            "load_balancing_scheme": "EXTERNAL_MANAGED",
            "locality_lb_policies": [],
            "locality_lb_policy": "",
            "log_config": [],
            "name": "perplexity-clone-frontend-lb",
            "outlier_detection": [],
            "port_name": "http",
            "project": "perplexity-clone-468820",
            "protocol": "HTTP",
            "security_policy": "",
            "security_settings": [],
            "self_link": "https://www.googleapis.com/compute/v1/projects/perplexity-clone-468820/global/backendServices/perplexity-clone-frontend-lb",
            "service_lb_policy": "",
            "session_affinity": "NONE",
            "timeout_sec": 30,
            "timeouts": null
          },
          "sensitive_attributes": [],
          "private": "eyJlMmJmYjczMC1lY2FhLTExZTYtOGY4OC0zNDM2M2JjN2M0YzAiOnsiY3JlYXRlIjoxMjAwMDAwMDAwMDAwLCJkZWxldGUiOjEyMDAwMDAwMDAwMDAsInVwZGF0ZSI6MTIwMDAwMDAwMDAwMH0sInNjaGVtYV92ZXJzaW9uIjoiMSJ9",
          "dependencies": [
            "google_cloud_run_v2_service.frontend",
            "google_compute_global_address.lb_ip",
            "google_compute_network.vpc",
            "google_compute_region_network_endpoint_group.frontend_neg",
            "google_project_service.required",
            "google_service_account.cloud_run_sa",
            "google_vpc_access_connector.cloud_run"
          ]
        }
      ]
    },
    {
      "mode": "managed",
      "type": "google_compute_backend_service",
      "name": "worker",
      "provider": "provider[\"registry.terraform.io/hashicorp/google\"]",
      "instances": [
        {
          "schema_version": 1,
          "attributes": {
            "affinity_cookie_ttl_sec": 0,
            "backend": [
              {
                "balancing_mode": "UTILIZATION",
                "capacity_scaler": 1,
                "description": "",
                "group": "https://www.googleapis.com/compute/v1/projects/perplexity-clone-468820/regions/us-central1/networkEndpointGroups/perplexity-clone-worker-neg",
                "max_connections": 0,
                "max_connections_per_endpoint": 0,
                "max_connections_per_instance": 0,
                "max_rate": 0,
                "max_rate_per_endpoint": 0,
                "max_rate_per_instance": 0,
                "max_utilization": 0
              }
            ],
            "cdn_policy": [],
            "circuit_breakers": [],
            "compression_mode": "",
            "connection_draining_timeout_sec": 300,
            "consistent_hash": [],
            "creation_timestamp": "2025-09-29T23:16:09.922-07:00",
            "custom_request_headers": [],
            "custom_response_headers": [],
            "description": "",
            "edge_security_policy": "",
            "enable_cdn": false,
            "fingerprint": "3Smy33P3B7E=",
            "generated_id": 7441476845670157126,
            "health_checks": [],
            "iap": [],
            "id": "projects/perplexity-clone-468820/global/backendServices/perplexity-clone-worker-lb",
            "load_balancing_scheme": "EXTERNAL_MANAGED",
            "locality_lb_policies": [],
            "locality_lb_policy": "",
            "log_config": [],
            "name": "perplexity-clone-worker-lb",
            "outlier_detection": [],
            "port_name": "http",
            "project": "perplexity-clone-468820",
            "protocol": "HTTP",
            "security_policy": "",
            "security_settings": [],
            "self_link": "https://www.googleapis.com/compute/v1/projects/perplexity-clone-468820/global/backendServices/perplexity-clone-worker-lb",
            "service_lb_policy": "",
            "session_affinity": "NONE",
            "timeout_sec": 30,
            "timeouts": null
          },
          "sensitive_attributes": [],
          "private": "eyJlMmJmYjczMC1lY2FhLTExZTYtOGY4OC0zNDM2M2JjN2M0YzAiOnsiY3JlYXRlIjoxMjAwMDAwMDAwMDAwLCJkZWxldGUiOjEyMDAwMDAwMDAwMDAsInVwZGF0ZSI6MTIwMDAwMDAwMDAwMH0sInNjaGVtYV92ZXJzaW9uIjoiMSJ9",
          "dependencies": [
            "google_cloud_run_v2_service.worker",
            "google_compute_global_address.psa_range",
            "google_compute_network.vpc",
            "google_compute_region_network_endpoint_group.worker_neg",
            "google_project_service.required",
            "google_redis_instance.change_cache",
            "google_service_account.cloud_run_sa",
            "google_service_networking_connection.psa_connection",
            "google_vpc_access_connector.cloud_run"
          ]
        }
      ]
    },
    {
      "mode": "managed",
      "type": "google_compute_global_address",
      "name": "lb_ip",
      "provider": "provider[\"registry.terraform.io/hashicorp/google\"]",
      "instances": [
        {
          "schema_version": 0,
          "attributes": {
            "address": "34.120.207.183",
            "address_type": "EXTERNAL",
            "creation_timestamp": "2025-09-29T18:14:00.728-07:00",
            "description": "",
            "effective_labels": {},
            "id": "projects/perplexity-clone-468820/global/addresses/perplexity-clone-lb-ip",
            "ip_version": "",
            "label_fingerprint": "42WmSpB8rSM=",
            "labels": {},
            "name": "perplexity-clone-lb-ip",
            "network": "",
            "prefix_length": 0,
            "project": "perplexity-clone-468820",
            "purpose": "",
            "self_link": "https://www.googleapis.com/compute/v1/projects/perplexity-clone-468820/global/addresses/perplexity-clone-lb-ip",
            "terraform_labels": {},
            "timeouts": null
          },
          "sensitive_attributes": [],
          "private": "eyJlMmJmYjczMC1lY2FhLTExZTYtOGY4OC0zNDM2M2JjN2M0YzAiOnsiY3JlYXRlIjoxMjAwMDAwMDAwMDAwLCJkZWxldGUiOjEyMDAwMDAwMDAwMDAsInVwZGF0ZSI6MTIwMDAwMDAwMDAwMH19"
        }
      ]
    },
    {
      "mode": "managed",
      "type": "google_compute_global_address",
      "name": "psa_range",
      "provider": "provider[\"registry.terraform.io/hashicorp/google\"]",
      "instances": [
        {
          "schema_version": 0,
          "attributes": {
            "address": "10.136.0.0",
            "address_type": "INTERNAL",
            "creation_timestamp": "2025-09-29T22:43:44.152-07:00",
            "description": "",
            "effective_labels": {},
            "id": "projects/perplexity-clone-468820/global/addresses/perplexity-clone-psa-range",
            "ip_version": "",
            "label_fingerprint": "42WmSpB8rSM=",
            "labels": {},
            "name": "perplexity-clone-psa-range",
            "network": "https://www.googleapis.com/compute/v1/projects/perplexity-clone-468820/global/networks/perplexity-clone-vpc",
            "prefix_length": 16,
            "project": "perplexity-clone-468820",
            "purpose": "VPC_PEERING",
            "self_link": "https://www.googleapis.com/compute/v1/projects/perplexity-clone-468820/global/addresses/perplexity-clone-psa-range",
            "terraform_labels": {},
            "timeouts": null
          },
          "sensitive_attributes": [],
          "private": "eyJlMmJmYjczMC1lY2FhLTExZTYtOGY4OC0zNDM2M2JjN2M0YzAiOnsiY3JlYXRlIjoxMjAwMDAwMDAwMDAwLCJkZWxldGUiOjEyMDAwMDAwMDAwMDAsInVwZGF0ZSI6MTIwMDAwMDAwMDAwMH0sInNjaGVtYV92ZXJzaW9uIjoiMCJ9",
          "dependencies": [
            "google_compute_network.vpc"
          ]
        }
      ]
    },
    {
      "mode": "managed",
      "type": "google_compute_global_forwarding_rule",
      "name": "http_forwarding_rule",
      "provider": "provider[\"registry.terraform.io/hashicorp/google\"]",
      "instances": [
        {
          "index_key": 0,
          "schema_version": 0,
          "attributes": {
            "base_forwarding_rule": "",
            "description": "",
            "effective_labels": {},
            "id": "projects/perplexity-clone-468820/global/forwardingRules/perplexity-clone-http-forwarding-rule",
            "ip_address": "34.120.207.183",
            "ip_protocol": "TCP",
            "ip_version": "",
            "label_fingerprint": "42WmSpB8rSM=",
            "labels": {},
            "load_balancing_scheme": "EXTERNAL_MANAGED",
            "metadata_filters": [],
            "name": "perplexity-clone-http-forwarding-rule",
            "network": "",
            "no_automate_dns_zone": null,
            "port_range": "80-80",
            "project": "perplexity-clone-468820",
            "psc_connection_id": "",
            "psc_connection_status": "",
            "self_link": "https://www.googleapis.com/compute/v1/projects/perplexity-clone-468820/global/forwardingRules/perplexity-clone-http-forwarding-rule",
            "service_directory_registrations": [],
            "source_ip_ranges": [],
            "subnetwork": "",
            "target": "https://www.googleapis.com/compute/v1/projects/perplexity-clone-468820/global/targetHttpProxies/perplexity-clone-http-proxy",
            "terraform_labels": {},
            "timeouts": null
          },
          "sensitive_attributes": [],
          "private": "eyJlMmJmYjczMC1lY2FhLTExZTYtOGY4OC0zNDM2M2JjN2M0YzAiOnsiY3JlYXRlIjoxMjAwMDAwMDAwMDAwLCJkZWxldGUiOjEyMDAwMDAwMDAwMDAsInVwZGF0ZSI6MTIwMDAwMDAwMDAwMH19",
          "dependencies": [
            "google_compute_global_address.lb_ip",
            "google_compute_target_http_proxy.http_proxy",
            "google_compute_url_map.http_redirect"
          ]
        }
      ]
    },
    {
      "mode": "managed",
      "type": "google_compute_global_forwarding_rule",
      "name": "https_forwarding_rule",
      "provider": "provider[\"registry.terraform.io/hashicorp/google\"]",
      "instances": [
        {
          "index_key": 0,
          "schema_version": 0,
          "attributes": {
            "base_forwarding_rule": "",
            "description": "",
            "effective_labels": {},
            "id": "projects/perplexity-clone-468820/global/forwardingRules/perplexity-clone-https-forwarding-rule",
            "ip_address": "34.120.207.183",
            "ip_protocol": "TCP",
            "ip_version": "",
            "label_fingerprint": "42WmSpB8rSM=",
            "labels": {},
            "load_balancing_scheme": "EXTERNAL_MANAGED",
            "metadata_filters": [],
            "name": "perplexity-clone-https-forwarding-rule",
            "network": "",
            "no_automate_dns_zone": null,
            "port_range": "443-443",
            "project": "perplexity-clone-468820",
            "psc_connection_id": "",
            "psc_connection_status": "",
            "self_link": "https://www.googleapis.com/compute/v1/projects/perplexity-clone-468820/global/forwardingRules/perplexity-clone-https-forwarding-rule",
            "service_directory_registrations": [],
            "source_ip_ranges": [],
            "subnetwork": "",
            "target": "https://www.googleapis.com/compute/v1/projects/perplexity-clone-468820/global/targetHttpsProxies/perplexity-clone-https-proxy",
            "terraform_labels": {},
            "timeouts": null
          },
          "sensitive_attributes": [],
          "private": "eyJlMmJmYjczMC1lY2FhLTExZTYtOGY4OC0zNDM2M2JjN2M0YzAiOnsiY3JlYXRlIjoxMjAwMDAwMDAwMDAwLCJkZWxldGUiOjEyMDAwMDAwMDAwMDAsInVwZGF0ZSI6MTIwMDAwMDAwMDAwMH0sInNjaGVtYV92ZXJzaW9uIjoiMCJ9",
          "dependencies": [
            "google_cloud_run_v2_service.backend",
            "google_cloud_run_v2_service.dispatcher",
            "google_cloud_run_v2_service.frontend",
            "google_cloud_run_v2_service.worker",
            "google_compute_backend_service.backend",
            "google_compute_backend_service.dispatcher",
            "google_compute_backend_service.frontend",
            "google_compute_backend_service.worker",
            "google_compute_global_address.lb_ip",
            "google_compute_global_address.psa_range",
            "google_compute_managed_ssl_certificate.ssl_cert",
            "google_compute_network.vpc",
            "google_compute_region_network_endpoint_group.backend_neg",
            "google_compute_region_network_endpoint_group.dispatcher_neg",
            "google_compute_region_network_endpoint_group.frontend_neg",
            "google_compute_region_network_endpoint_group.worker_neg",
            "google_compute_target_https_proxy.https_proxy",
            "google_compute_url_map.url_map",
            "google_project_service.required",
            "google_redis_instance.change_cache",
            "google_service_account.cloud_run_sa",
            "google_service_networking_connection.psa_connection",
            "google_vpc_access_connector.cloud_run"
          ]
        }
      ]
    },
    {
      "mode": "managed",
      "type": "google_compute_health_check",
      "name": "backend_health",
      "provider": "provider[\"registry.terraform.io/hashicorp/google\"]",
      "instances": [
        {
          "schema_version": 0,
          "attributes": {
            "check_interval_sec": 10,
            "creation_timestamp": "2025-09-29T18:14:00.681-07:00",
            "description": "",
            "grpc_health_check": [],
            "healthy_threshold": 2,
            "http2_health_check": [],
            "http_health_check": [
              {
                "host": "",
                "port": 8000,
                "port_name": "",
                "port_specification": "",
                "proxy_header": "NONE",
                "request_path": "/health",
                "response": ""
              }
            ],
            "https_health_check": [],
            "id": "projects/perplexity-clone-468820/global/healthChecks/perplexity-clone-backend-health",
            "log_config": [
              {
                "enable": false
              }
            ],
            "name": "perplexity-clone-backend-health",
            "project": "perplexity-clone-468820",
            "self_link": "https://www.googleapis.com/compute/v1/projects/perplexity-clone-468820/global/healthChecks/perplexity-clone-backend-health",
            "source_regions": [],
            "ssl_health_check": [],
            "tcp_health_check": [],
            "timeout_sec": 5,
            "timeouts": null,
            "type": "HTTP",
            "unhealthy_threshold": 2
          },
          "sensitive_attributes": [],
          "private": "eyJlMmJmYjczMC1lY2FhLTExZTYtOGY4OC0zNDM2M2JjN2M0YzAiOnsiY3JlYXRlIjoxMjAwMDAwMDAwMDAwLCJkZWxldGUiOjEyMDAwMDAwMDAwMDAsInVwZGF0ZSI6MTIwMDAwMDAwMDAwMH19"
        }
      ]
    },
    {
      "mode": "managed",
      "type": "google_compute_health_check",
      "name": "frontend_health",
      "provider": "provider[\"registry.terraform.io/hashicorp/google\"]",
      "instances": [
        {
          "schema_version": 0,
          "attributes": {
            "check_interval_sec": 10,
            "creation_timestamp": "2025-09-29T18:14:01.459-07:00",
            "description": "",
            "grpc_health_check": [],
            "healthy_threshold": 2,
            "http2_health_check": [],
            "http_health_check": [
              {
                "host": "",
                "port": 3000,
                "port_name": "",
                "port_specification": "",
                "proxy_header": "NONE",
                "request_path": "/",
                "response": ""
              }
            ],
            "https_health_check": [],
            "id": "projects/perplexity-clone-468820/global/healthChecks/perplexity-clone-frontend-health",
            "log_config": [
              {
                "enable": false
              }
            ],
            "name": "perplexity-clone-frontend-health",
            "project": "perplexity-clone-468820",
            "self_link": "https://www.googleapis.com/compute/v1/projects/perplexity-clone-468820/global/healthChecks/perplexity-clone-frontend-health",
            "source_regions": [],
            "ssl_health_check": [],
            "tcp_health_check": [],
            "timeout_sec": 5,
            "timeouts": null,
            "type": "HTTP",
            "unhealthy_threshold": 2
          },
          "sensitive_attributes": [],
          "private": "eyJlMmJmYjczMC1lY2FhLTExZTYtOGY4OC0zNDM2M2JjN2M0YzAiOnsiY3JlYXRlIjoxMjAwMDAwMDAwMDAwLCJkZWxldGUiOjEyMDAwMDAwMDAwMDAsInVwZGF0ZSI6MTIwMDAwMDAwMDAwMH19"
        }
      ]
    },
    {
      "mode": "managed",
      "type": "google_compute_managed_ssl_certificate",
      "name": "ssl_cert",
      "provider": "provider[\"registry.terraform.io/hashicorp/google\"]",
      "instances": [
        {
          "index_key": 0,
          "schema_version": 0,
          "attributes": {
            "certificate_id": 821046640222048311,
            "creation_timestamp": "2025-09-29T18:14:00.713-07:00",
            "description": "",
            "expire_time": "",
            "id": "projects/perplexity-clone-468820/global/sslCertificates/perplexity-clone-ssl-cert",
            "managed": [
              {
                "domains": [
                  "perplexity-clone.run.app"
                ]
              }
            ],
            "name": "perplexity-clone-ssl-cert",
            "project": "perplexity-clone-468820",
            "self_link": "https://www.googleapis.com/compute/v1/projects/perplexity-clone-468820/global/sslCertificates/perplexity-clone-ssl-cert",
            "subject_alternative_names": [],
            "timeouts": null,
            "type": "MANAGED"
          },
          "sensitive_attributes": [],
          "private": "eyJlMmJmYjczMC1lY2FhLTExZTYtOGY4OC0zNDM2M2JjN2M0YzAiOnsiY3JlYXRlIjoxODAwMDAwMDAwMDAwLCJkZWxldGUiOjE4MDAwMDAwMDAwMDB9fQ=="
        }
      ]
    },
    {
      "mode": "managed",
      "type": "google_compute_network",
      "name": "vpc",
      "provider": "provider[\"registry.terraform.io/hashicorp/google\"]",
      "instances": [
        {
          "schema_version": 0,
          "attributes": {
            "auto_create_subnetworks": false,
            "delete_default_routes_on_create": false,
            "description": "",
            "enable_ula_internal_ipv6": false,
            "gateway_ipv4": "",
            "id": "projects/perplexity-clone-468820/global/networks/perplexity-clone-vpc",
            "internal_ipv6_range": "",
            "mtu": 0,
            "name": "perplexity-clone-vpc",
            "network_firewall_policy_enforcement_order": "AFTER_CLASSIC_FIREWALL",
            "numeric_id": "1509922586630721591",
            "project": "perplexity-clone-468820",
            "routing_mode": "REGIONAL",
            "self_link": "https://www.googleapis.com/compute/v1/projects/perplexity-clone-468820/global/networks/perplexity-clone-vpc",
            "timeouts": null
          },
          "sensitive_attributes": [],
          "private": "eyJlMmJmYjczMC1lY2FhLTExZTYtOGY4OC0zNDM2M2JjN2M0YzAiOnsiY3JlYXRlIjoxMjAwMDAwMDAwMDAwLCJkZWxldGUiOjEyMDAwMDAwMDAwMDAsInVwZGF0ZSI6MTIwMDAwMDAwMDAwMH19"
        }
      ]
    },
    {
      "mode": "managed",
      "type": "google_compute_region_network_endpoint_group",
      "name": "backend_neg",
      "provider": "provider[\"registry.terraform.io/hashicorp/google\"]",
      "instances": [
        {
          "schema_version": 0,
          "attributes": {
            "app_engine": [],
            "cloud_function": [],
            "cloud_run": [
              {
                "service": "perplexity-clone-backend",
                "tag": "",
                "url_mask": ""
              }
            ],
            "description": "",
            "id": "projects/perplexity-clone-468820/regions/us-central1/networkEndpointGroups/perplexity-clone-backend-neg",
            "name": "perplexity-clone-backend-neg",
            "network": "",
            "network_endpoint_type": "SERVERLESS",
            "project": "perplexity-clone-468820",
            "psc_target_service": "",
            "region": "https://www.googleapis.com/compute/v1/projects/perplexity-clone-468820/regions/us-central1",
            "self_link": "https://www.googleapis.com/compute/v1/projects/perplexity-clone-468820/regions/us-central1/networkEndpointGroups/perplexity-clone-backend-neg",
            "subnetwork": "",
            "timeouts": null
          },
          "sensitive_attributes": [],
          "private": "eyJlMmJmYjczMC1lY2FhLTExZTYtOGY4OC0zNDM2M2JjN2M0YzAiOnsiY3JlYXRlIjoxMjAwMDAwMDAwMDAwLCJkZWxldGUiOjEyMDAwMDAwMDAwMDB9LCJzY2hlbWFfdmVyc2lvbiI6IjAifQ==",
          "dependencies": [
            "google_cloud_run_v2_service.backend",
            "google_compute_global_address.lb_ip",
            "google_compute_network.vpc",
            "google_project_service.required",
            "google_service_account.cloud_run_sa",
            "google_vpc_access_connector.cloud_run"
          ]
        }
      ]
    },
    {
      "mode": "managed",
      "type": "google_compute_region_network_endpoint_group",
      "name": "dispatcher_neg",
      "provider": "provider[\"registry.terraform.io/hashicorp/google\"]",
      "instances": [
        {
          "schema_version": 0,
          "attributes": {
            "app_engine": [],
            "cloud_function": [],
            "cloud_run": [
              {
                "service": "perplexity-clone-dispatcher",
                "tag": "",
                "url_mask": ""
              }
            ],
            "description": "",
            "id": "projects/perplexity-clone-468820/regions/us-central1/networkEndpointGroups/perplexity-clone-dispatcher-neg",
            "name": "perplexity-clone-dispatcher-neg",
            "network": "",
            "network_endpoint_type": "SERVERLESS",
            "project": "perplexity-clone-468820",
            "psc_target_service": "",
            "region": "https://www.googleapis.com/compute/v1/projects/perplexity-clone-468820/regions/us-central1",
            "self_link": "https://www.googleapis.com/compute/v1/projects/perplexity-clone-468820/regions/us-central1/networkEndpointGroups/perplexity-clone-dispatcher-neg",
            "subnetwork": "",
            "timeouts": null
          },
          "sensitive_attributes": [],
          "private": "eyJlMmJmYjczMC1lY2FhLTExZTYtOGY4OC0zNDM2M2JjN2M0YzAiOnsiY3JlYXRlIjoxMjAwMDAwMDAwMDAwLCJkZWxldGUiOjEyMDAwMDAwMDAwMDB9LCJzY2hlbWFfdmVyc2lvbiI6IjAifQ==",
          "dependencies": [
            "google_cloud_run_v2_service.dispatcher",
            "google_compute_global_address.psa_range",
            "google_compute_network.vpc",
            "google_project_service.required",
            "google_redis_instance.change_cache",
            "google_service_account.cloud_run_sa",
            "google_service_networking_connection.psa_connection",
            "google_vpc_access_connector.cloud_run"
          ]
        }
      ]
    },
    {
      "mode": "managed",
      "type": "google_compute_region_network_endpoint_group",
      "name": "frontend_neg",
      "provider": "provider[\"registry.terraform.io/hashicorp/google\"]",
      "instances": [
        {
          "schema_version": 0,
          "attributes": {
            "app_engine": [],
            "cloud_function": [],
            "cloud_run": [
              {
                "service": "perplexity-clone-frontend",
                "tag": "",
                "url_mask": ""
              }
            ],
            "description": "",
            "id": "projects/perplexity-clone-468820/regions/us-central1/networkEndpointGroups/perplexity-clone-frontend-neg",
            "name": "perplexity-clone-frontend-neg",
            "network": "",
            "network_endpoint_type": "SERVERLESS",
            "project": "perplexity-clone-468820",
            "psc_target_service": "",
            "region": "https://www.googleapis.com/compute/v1/projects/perplexity-clone-468820/regions/us-central1",
            "self_link": "https://www.googleapis.com/compute/v1/projects/perplexity-clone-468820/regions/us-central1/networkEndpointGroups/perplexity-clone-frontend-neg",
            "subnetwork": "",
            "timeouts": null
          },
          "sensitive_attributes": [],
          "private": "eyJlMmJmYjczMC1lY2FhLTExZTYtOGY4OC0zNDM2M2JjN2M0YzAiOnsiY3JlYXRlIjoxMjAwMDAwMDAwMDAwLCJkZWxldGUiOjEyMDAwMDAwMDAwMDB9LCJzY2hlbWFfdmVyc2lvbiI6IjAifQ==",
          "dependencies": [
            "google_cloud_run_v2_service.frontend",
            "google_compute_global_address.lb_ip",
            "google_compute_network.vpc",
            "google_project_service.required",
            "google_service_account.cloud_run_sa",
            "google_vpc_access_connector.cloud_run"
          ]
        }
      ]
    },
    {
      "mode": "managed",
      "type": "google_compute_region_network_endpoint_group",
      "name": "worker_neg",
      "provider": "provider[\"registry.terraform.io/hashicorp/google\"]",
      "instances": [
        {
          "schema_version": 0,
          "attributes": {
            "app_engine": [],
            "cloud_function": [],
            "cloud_run": [
              {
                "service": "perplexity-clone-worker",
                "tag": "",
                "url_mask": ""
              }
            ],
            "description": "",
            "id": "projects/perplexity-clone-468820/regions/us-central1/networkEndpointGroups/perplexity-clone-worker-neg",
            "name": "perplexity-clone-worker-neg",
            "network": "",
            "network_endpoint_type": "SERVERLESS",
            "project": "perplexity-clone-468820",
            "psc_target_service": "",
            "region": "https://www.googleapis.com/compute/v1/projects/perplexity-clone-468820/regions/us-central1",
            "self_link": "https://www.googleapis.com/compute/v1/projects/perplexity-clone-468820/regions/us-central1/networkEndpointGroups/perplexity-clone-worker-neg",
            "subnetwork": "",
            "timeouts": null
          },
          "sensitive_attributes": [],
          "private": "eyJlMmJmYjczMC1lY2FhLTExZTYtOGY4OC0zNDM2M2JjN2M0YzAiOnsiY3JlYXRlIjoxMjAwMDAwMDAwMDAwLCJkZWxldGUiOjEyMDAwMDAwMDAwMDB9LCJzY2hlbWFfdmVyc2lvbiI6IjAifQ==",
          "dependencies": [
            "google_cloud_run_v2_service.worker",
            "google_compute_global_address.psa_range",
            "google_compute_network.vpc",
            "google_project_service.required",
            "google_redis_instance.change_cache",
            "google_service_account.cloud_run_sa",
            "google_service_networking_connection.psa_connection",
            "google_vpc_access_connector.cloud_run"
          ]
        }
      ]
    },
    {
      "mode": "managed",
      "type": "google_compute_subnetwork",
      "name": "subnet",
      "provider": "provider[\"registry.terraform.io/hashicorp/google\"]",
      "instances": [
        {
          "schema_version": 0,
          "attributes": {
            "creation_timestamp": "2025-09-29T18:14:22.238-07:00",
            "description": "",
            "external_ipv6_prefix": "",
            "fingerprint": null,
            "gateway_address": "10.0.0.1",
            "id": "projects/perplexity-clone-468820/regions/us-central1/subnetworks/perplexity-clone-subnet",
            "internal_ipv6_prefix": "",
            "ip_cidr_range": "10.0.0.0/24",
            "ipv6_access_type": "",
            "ipv6_cidr_range": "",
            "log_config": [],
            "name": "perplexity-clone-subnet",
            "network": "https://www.googleapis.com/compute/v1/projects/perplexity-clone-468820/global/networks/perplexity-clone-vpc",
            "private_ip_google_access": false,
            "private_ipv6_google_access": "DISABLE_GOOGLE_ACCESS",
            "project": "perplexity-clone-468820",
            "purpose": "PRIVATE",
            "region": "us-central1",
            "role": "",
            "secondary_ip_range": [],
            "self_link": "https://www.googleapis.com/compute/v1/projects/perplexity-clone-468820/regions/us-central1/subnetworks/perplexity-clone-subnet",
            "send_secondary_ip_range_if_empty": null,
            "stack_type": "IPV4_ONLY",
            "timeouts": null
          },
          "sensitive_attributes": [],
          "private": "eyJlMmJmYjczMC1lY2FhLTExZTYtOGY4OC0zNDM2M2JjN2M0YzAiOnsiY3JlYXRlIjoxMjAwMDAwMDAwMDAwLCJkZWxldGUiOjEyMDAwMDAwMDAwMDAsInVwZGF0ZSI6MTIwMDAwMDAwMDAwMH19",
          "dependencies": [
            "google_compute_network.vpc"
          ]
        }
      ]
    },
    {
      "mode": "managed",
      "type": "google_compute_target_http_proxy",
      "name": "http_proxy",
      "provider": "provider[\"registry.terraform.io/hashicorp/google\"]",
      "instances": [
        {
          "index_key": 0,
          "schema_version": 0,
          "attributes": {
            "creation_timestamp": "2025-09-29T18:14:11.888-07:00",
            "description": "",
            "http_keep_alive_timeout_sec": 0,
            "id": "projects/perplexity-clone-468820/global/targetHttpProxies/perplexity-clone-http-proxy",
            "name": "perplexity-clone-http-proxy",
            "project": "perplexity-clone-468820",
            "proxy_bind": false,
            "proxy_id": 8029474236612907020,
            "self_link": "https://www.googleapis.com/compute/v1/projects/perplexity-clone-468820/global/targetHttpProxies/perplexity-clone-http-proxy",
            "timeouts": null,
            "url_map": "https://www.googleapis.com/compute/v1/projects/perplexity-clone-468820/global/urlMaps/perplexity-clone-http-redirect"
          },
          "sensitive_attributes": [],
          "private": "eyJlMmJmYjczMC1lY2FhLTExZTYtOGY4OC0zNDM2M2JjN2M0YzAiOnsiY3JlYXRlIjoxMjAwMDAwMDAwMDAwLCJkZWxldGUiOjEyMDAwMDAwMDAwMDAsInVwZGF0ZSI6MTIwMDAwMDAwMDAwMH19",
          "dependencies": [
            "google_compute_url_map.http_redirect"
          ]
        }
      ]
    },
    {
      "mode": "managed",
      "type": "google_compute_target_https_proxy",
      "name": "https_proxy",
      "provider": "provider[\"registry.terraform.io/hashicorp/google\"]",
      "instances": [
        {
          "index_key": 0,
          "schema_version": 0,
          "attributes": {
            "certificate_manager_certificates": [],
            "certificate_map": "",
            "creation_timestamp": "2025-09-29T18:26:57.024-07:00",
            "description": "",
            "http_keep_alive_timeout_sec": 0,
            "id": "projects/perplexity-clone-468820/global/targetHttpsProxies/perplexity-clone-https-proxy",
            "name": "perplexity-clone-https-proxy",
            "project": "perplexity-clone-468820",
            "proxy_bind": false,
            "proxy_id": 4672559842810302223,
            "quic_override": "NONE",
            "self_link": "https://www.googleapis.com/compute/v1/projects/perplexity-clone-468820/global/targetHttpsProxies/perplexity-clone-https-proxy",
            "server_tls_policy": "",
            "ssl_certificates": [
              "https://www.googleapis.com/compute/v1/projects/perplexity-clone-468820/global/sslCertificates/perplexity-clone-ssl-cert"
            ],
            "ssl_policy": "",
            "timeouts": null,
            "tls_early_data": "DISABLED",
            "url_map": "https://www.googleapis.com/compute/v1/projects/perplexity-clone-468820/global/urlMaps/perplexity-clone-url-map"
          },
          "sensitive_attributes": [],
          "private": "eyJlMmJmYjczMC1lY2FhLTExZTYtOGY4OC0zNDM2M2JjN2M0YzAiOnsiY3JlYXRlIjoxMjAwMDAwMDAwMDAwLCJkZWxldGUiOjEyMDAwMDAwMDAwMDAsInVwZGF0ZSI6MTIwMDAwMDAwMDAwMH0sInNjaGVtYV92ZXJzaW9uIjoiMCJ9",
          "dependencies": [
            "google_cloud_run_v2_service.backend",
            "google_cloud_run_v2_service.dispatcher",
            "google_cloud_run_v2_service.frontend",
            "google_cloud_run_v2_service.worker",
            "google_compute_backend_service.backend",
            "google_compute_backend_service.dispatcher",
            "google_compute_backend_service.frontend",
            "google_compute_backend_service.worker",
            "google_compute_global_address.lb_ip",
            "google_compute_global_address.psa_range",
            "google_compute_managed_ssl_certificate.ssl_cert",
            "google_compute_network.vpc",
            "google_compute_region_network_endpoint_group.backend_neg",
            "google_compute_region_network_endpoint_group.dispatcher_neg",
            "google_compute_region_network_endpoint_group.frontend_neg",
            "google_compute_region_network_endpoint_group.worker_neg",
            "google_compute_url_map.url_map",
            "google_project_service.required",
            "google_redis_instance.change_cache",
            "google_service_account.cloud_run_sa",
            "google_service_networking_connection.psa_connection",
            "google_vpc_access_connector.cloud_run"
          ]
        }
      ]
    },
    {
      "mode": "managed",
      "type": "google_compute_url_map",
      "name": "http_redirect",
      "provider": "provider[\"registry.terraform.io/hashicorp/google\"]",
      "instances": [
        {
          "index_key": 0,
          "schema_version": 0,
          "attributes": {
            "creation_timestamp": "2025-09-29T18:14:00.684-07:00",
            "default_route_action": [],
            "default_service": "",
            "default_url_redirect": [
              {
                "host_redirect": "",
                "https_redirect": true,
                "path_redirect": "",
                "prefix_redirect": "",
                "redirect_response_code": "",
                "strip_query": false
              }
            ],
            "description": "",
            "fingerprint": "qvpmt78K8Yk=",
            "header_action": [],
            "host_rule": [],
            "id": "projects/perplexity-clone-468820/global/urlMaps/perplexity-clone-http-redirect",
            "map_id": 3059977765520838711,
            "name": "perplexity-clone-http-redirect",
            "path_matcher": [],
            "project": "perplexity-clone-468820",
            "self_link": "https://www.googleapis.com/compute/v1/projects/perplexity-clone-468820/global/urlMaps/perplexity-clone-http-redirect",
            "test": [],
            "timeouts": null
          },
          "sensitive_attributes": [],
          "private": "eyJlMmJmYjczMC1lY2FhLTExZTYtOGY4OC0zNDM2M2JjN2M0YzAiOnsiY3JlYXRlIjoxMjAwMDAwMDAwMDAwLCJkZWxldGUiOjEyMDAwMDAwMDAwMDAsInVwZGF0ZSI6MTIwMDAwMDAwMDAwMH19"
        }
      ]
    },
    {
      "mode": "managed",
      "type": "google_compute_url_map",
      "name": "url_map",
      "provider": "provider[\"registry.terraform.io/hashicorp/google\"]",
      "instances": [
        {
          "schema_version": 0,
          "attributes": {
            "creation_timestamp": "2025-09-29T18:26:45.995-07:00",
            "default_route_action": [],
            "default_service": "https://www.googleapis.com/compute/v1/projects/perplexity-clone-468820/global/backendServices/perplexity-clone-frontend-lb",
            "default_url_redirect": [],
            "description": "",
            "fingerprint": "uicLanZzljY=",
            "header_action": [],
            "host_rule": [
              {
                "description": "",
                "hosts": [
                  "*"
                ],
                "path_matcher": "api-routing"
              }
            ],
            "id": "projects/perplexity-clone-468820/global/urlMaps/perplexity-clone-url-map",
            "map_id": 5593494740532629306,
            "name": "perplexity-clone-url-map",
            "path_matcher": [
              {
                "default_route_action": [],
                "default_service": "https://www.googleapis.com/compute/v1/projects/perplexity-clone-468820/global/backendServices/perplexity-clone-frontend-lb",
                "default_url_redirect": [],
                "description": "",
                "header_action": [],
                "name": "api-routing",
                "path_rule": [
                  {
                    "paths": [
                      "/api/*"
                    ],
                    "route_action": [],
                    "service": "https://www.googleapis.com/compute/v1/projects/perplexity-clone-468820/global/backendServices/perplexity-clone-backend-lb",
                    "url_redirect": []
                  },
                  {
                    "paths": [
                      "/dispatcher/*"
                    ],
                    "route_action": [],
                    "service": "https://www.googleapis.com/compute/v1/projects/perplexity-clone-468820/global/backendServices/perplexity-clone-dispatcher-lb",
                    "url_redirect": []
                  },
                  {
                    "paths": [
                      "/worker/*"
                    ],
                    "route_action": [],
                    "service": "https://www.googleapis.com/compute/v1/projects/perplexity-clone-468820/global/backendServices/perplexity-clone-worker-lb",
                    "url_redirect": []
                  }
                ],
                "route_rules": []
              }
            ],
            "project": "perplexity-clone-468820",
            "self_link": "https://www.googleapis.com/compute/v1/projects/perplexity-clone-468820/global/urlMaps/perplexity-clone-url-map",
            "test": [],
            "timeouts": null
          },
          "sensitive_attributes": [],
          "private": "eyJlMmJmYjczMC1lY2FhLTExZTYtOGY4OC0zNDM2M2JjN2M0YzAiOnsiY3JlYXRlIjoxMjAwMDAwMDAwMDAwLCJkZWxldGUiOjEyMDAwMDAwMDAwMDAsInVwZGF0ZSI6MTIwMDAwMDAwMDAwMH0sInNjaGVtYV92ZXJzaW9uIjoiMCJ9",
          "dependencies": [
            "google_cloud_run_v2_service.backend",
            "google_cloud_run_v2_service.dispatcher",
            "google_cloud_run_v2_service.frontend",
            "google_cloud_run_v2_service.worker",
            "google_compute_backend_service.backend",
            "google_compute_backend_service.dispatcher",
            "google_compute_backend_service.frontend",
            "google_compute_backend_service.worker",
            "google_compute_global_address.lb_ip",
            "google_compute_global_address.psa_range",
            "google_compute_network.vpc",
            "google_compute_region_network_endpoint_group.backend_neg",
            "google_compute_region_network_endpoint_group.dispatcher_neg",
            "google_compute_region_network_endpoint_group.frontend_neg",
            "google_compute_region_network_endpoint_group.worker_neg",
            "google_project_service.required",
            "google_redis_instance.change_cache",
            "google_service_account.cloud_run_sa",
            "google_service_networking_connection.psa_connection",
            "google_vpc_access_connector.cloud_run"
          ]
        }
      ]
    },
    {
      "mode": "managed",
      "type": "google_firestore_database",
      "name": "default",
      "provider": "provider[\"registry.terraform.io/hashicorp/google\"]",
      "instances": [
        {
          "schema_version": 0,
          "attributes": {
            "app_engine_integration_mode": "ENABLED",
            "cmek_config": [],
            "concurrency_mode": "PESSIMISTIC",
            "create_time": "",
            "delete_protection_state": "DELETE_PROTECTION_DISABLED",
            "deletion_policy": "ABANDON",
            "earliest_version_time": "2025-09-30T05:42:54.797235Z",
            "etag": "INH7wf7w/48DMIazn/fR/48D",
            "id": "projects/perplexity-clone-468820/databases/(default)",
            "key_prefix": "",
            "location_id": "nam5",
            "name": "(default)",
            "point_in_time_recovery_enablement": "POINT_IN_TIME_RECOVERY_DISABLED",
            "project": "perplexity-clone-468820",
            "timeouts": null,
            "type": "FIRESTORE_NATIVE",
            "uid": "92ecbd72-20c3-4241-b763-f6bb022b23b9",
            "update_time": "",
            "version_retention_period": "3600s"
          },
          "sensitive_attributes": [],
          "private": "eyJlMmJmYjczMC1lY2FhLTExZTYtOGY4OC0zNDM2M2JjN2M0YzAiOnsiY3JlYXRlIjoxMjAwMDAwMDAwMDAwLCJkZWxldGUiOjEyMDAwMDAwMDAwMDAsInVwZGF0ZSI6MTIwMDAwMDAwMDAwMH0sInNjaGVtYV92ZXJzaW9uIjoiMCJ9",
          "dependencies": [
            "google_app_engine_application.default",
            "google_project_service.appengine",
            "google_project_service.firestore"
          ]
        }
      ]
    },
    {
      "mode": "managed",
      "type": "google_project_iam_member",
      "name": "cloud_run_sa_roles",
      "provider": "provider[\"registry.terraform.io/hashicorp/google\"]",
      "instances": [
        {
          "index_key": "roles/artifactregistry.reader",
          "schema_version": 0,
          "attributes": {
            "condition": [],
            "etag": "BwY//kUwMRM=",
            "id": "perplexity-clone-468820/roles/artifactregistry.reader/serviceAccount:perplexity-clone-cloud-run-sa@perplexity-clone-468820.iam.gserviceaccount.com",
            "member": "serviceAccount:perplexity-clone-cloud-run-sa@perplexity-clone-468820.iam.gserviceaccount.com",
            "project": "perplexity-clone-468820",
            "role": "roles/artifactregistry.reader"
          },
          "sensitive_attributes": [],
          "private": "bnVsbA==",
          "dependencies": [
            "google_service_account.cloud_run_sa"
          ]
        },
        {
          "index_key": "roles/cloudscheduler.jobRunner",
          "schema_version": 0,
          "attributes": {
            "condition": [],
            "etag": "BwY//kUwMRM=",
            "id": "perplexity-clone-468820/roles/cloudscheduler.jobRunner/serviceAccount:perplexity-clone-cloud-run-sa@perplexity-clone-468820.iam.gserviceaccount.com",
            "member": "serviceAccount:perplexity-clone-cloud-run-sa@perplexity-clone-468820.iam.gserviceaccount.com",
            "project": "perplexity-clone-468820",
            "role": "roles/cloudscheduler.jobRunner"
          },
          "sensitive_attributes": [],
          "private": "bnVsbA==",
          "dependencies": [
            "google_service_account.cloud_run_sa"
          ]
        },
        {
          "index_key": "roles/datastore.user",
          "schema_version": 0,
          "attributes": {
            "condition": [],
            "etag": "BwY//kUwMRM=",
            "id": "perplexity-clone-468820/roles/datastore.user/serviceAccount:perplexity-clone-cloud-run-sa@perplexity-clone-468820.iam.gserviceaccount.com",
            "member": "serviceAccount:perplexity-clone-cloud-run-sa@perplexity-clone-468820.iam.gserviceaccount.com",
            "project": "perplexity-clone-468820",
            "role": "roles/datastore.user"
          },
          "sensitive_attributes": [],
          "private": "bnVsbA==",
          "dependencies": [
            "google_service_account.cloud_run_sa"
          ]
        },
        {
          "index_key": "roles/logging.logWriter",
          "schema_version": 0,
          "attributes": {
            "condition": [],
            "etag": "BwY//kUwMRM=",
            "id": "perplexity-clone-468820/roles/logging.logWriter/serviceAccount:perplexity-clone-cloud-run-sa@perplexity-clone-468820.iam.gserviceaccount.com",
            "member": "serviceAccount:perplexity-clone-cloud-run-sa@perplexity-clone-468820.iam.gserviceaccount.com",
            "project": "perplexity-clone-468820",
            "role": "roles/logging.logWriter"
          },
          "sensitive_attributes": [],
          "private": "bnVsbA==",
          "dependencies": [
            "google_service_account.cloud_run_sa"
          ]
        },
        {
          "index_key": "roles/monitoring.metricWriter",
          "schema_version": 0,
          "attributes": {
            "condition": [],
            "etag": "BwY//kUwMRM=",
            "id": "perplexity-clone-468820/roles/monitoring.metricWriter/serviceAccount:perplexity-clone-cloud-run-sa@perplexity-clone-468820.iam.gserviceaccount.com",
            "member": "serviceAccount:perplexity-clone-cloud-run-sa@perplexity-clone-468820.iam.gserviceaccount.com",
            "project": "perplexity-clone-468820",
            "role": "roles/monitoring.metricWriter"
          },
          "sensitive_attributes": [],
          "private": "bnVsbA==",
          "dependencies": [
            "google_service_account.cloud_run_sa"
          ]
        },
        {
          "index_key": "roles/pubsub.editor",
          "schema_version": 0,
          "attributes": {
            "condition": [],
            "etag": "BwY//kUwMRM=",
            "id": "perplexity-clone-468820/roles/pubsub.editor/serviceAccount:perplexity-clone-cloud-run-sa@perplexity-clone-468820.iam.gserviceaccount.com",
            "member": "serviceAccount:perplexity-clone-cloud-run-sa@perplexity-clone-468820.iam.gserviceaccount.com",
            "project": "perplexity-clone-468820",
            "role": "roles/pubsub.editor"
          },
          "sensitive_attributes": [],
          "private": "bnVsbA==",
          "dependencies": [
            "google_service_account.cloud_run_sa"
          ]
        },
        {
          "index_key": "roles/redis.viewer",
          "schema_version": 0,
          "attributes": {
            "condition": [],
            "etag": "BwY//kUwMRM=",
            "id": "perplexity-clone-468820/roles/redis.viewer/serviceAccount:perplexity-clone-cloud-run-sa@perplexity-clone-468820.iam.gserviceaccount.com",
            "member": "serviceAccount:perplexity-clone-cloud-run-sa@perplexity-clone-468820.iam.gserviceaccount.com",
            "project": "perplexity-clone-468820",
            "role": "roles/redis.viewer"
          },
          "sensitive_attributes": [],
          "private": "bnVsbA==",
          "dependencies": [
            "google_service_account.cloud_run_sa"
          ]
        },
        {
          "index_key": "roles/run.invoker",
          "schema_version": 0,
          "attributes": {
            "condition": [],
            "etag": "BwY//kUwMRM=",
            "id": "perplexity-clone-468820/roles/run.invoker/serviceAccount:perplexity-clone-cloud-run-sa@perplexity-clone-468820.iam.gserviceaccount.com",
            "member": "serviceAccount:perplexity-clone-cloud-run-sa@perplexity-clone-468820.iam.gserviceaccount.com",
            "project": "perplexity-clone-468820",
            "role": "roles/run.invoker"
          },
          "sensitive_attributes": [],
          "private": "bnVsbA==",
          "dependencies": [
            "google_service_account.cloud_run_sa"
          ]
        }
      ]
    },
    {
      "mode": "managed",
      "type": "google_project_service",
      "name": "appengine",
      "provider": "provider[\"registry.terraform.io/hashicorp/google\"]",
      "instances": [
        {
          "schema_version": 0,
          "attributes": {
            "disable_dependent_services": null,
            "disable_on_destroy": true,
            "id": "perplexity-clone-468820/appengine.googleapis.com",
            "project": "perplexity-clone-468820",
            "service": "appengine.googleapis.com",
            "timeouts": null
          },
          "sensitive_attributes": [],
          "private": "eyJlMmJmYjczMC1lY2FhLTExZTYtOGY4OC0zNDM2M2JjN2M0YzAiOnsiY3JlYXRlIjoxMjAwMDAwMDAwMDAwLCJkZWxldGUiOjEyMDAwMDAwMDAwMDAsInJlYWQiOjYwMDAwMDAwMDAwMCwidXBkYXRlIjoxMjAwMDAwMDAwMDAwfX0="
        }
      ]
    },
    {
      "mode": "managed",
      "type": "google_project_service",
      "name": "firestore",
      "provider": "provider[\"registry.terraform.io/hashicorp/google\"]",
      "instances": [
        {
          "schema_version": 0,
          "attributes": {
            "disable_dependent_services": null,
            "disable_on_destroy": true,
            "id": "perplexity-clone-468820/firestore.googleapis.com",
            "project": "perplexity-clone-468820",
            "service": "firestore.googleapis.com",
            "timeouts": null
          },
          "sensitive_attributes": [],
          "private": "eyJlMmJmYjczMC1lY2FhLTExZTYtOGY4OC0zNDM2M2JjN2M0YzAiOnsiY3JlYXRlIjoxMjAwMDAwMDAwMDAwLCJkZWxldGUiOjEyMDAwMDAwMDAwMDAsInJlYWQiOjYwMDAwMDAwMDAwMCwidXBkYXRlIjoxMjAwMDAwMDAwMDAwfX0="
        }
      ]
    },
    {
      "mode": "managed",
      "type": "google_project_service",
      "name": "required",
      "provider": "provider[\"registry.terraform.io/hashicorp/google\"]",
      "instances": [
        {
          "index_key": "artifactregistry.googleapis.com",
          "schema_version": 0,
          "attributes": {
            "disable_dependent_services": null,
            "disable_on_destroy": true,
            "id": "perplexity-clone-468820/artifactregistry.googleapis.com",
            "project": "perplexity-clone-468820",
            "service": "artifactregistry.googleapis.com",
            "timeouts": null
          },
          "sensitive_attributes": [],
          "private": "eyJlMmJmYjczMC1lY2FhLTExZTYtOGY4OC0zNDM2M2JjN2M0YzAiOnsiY3JlYXRlIjoxMjAwMDAwMDAwMDAwLCJkZWxldGUiOjEyMDAwMDAwMDAwMDAsInJlYWQiOjYwMDAwMDAwMDAwMCwidXBkYXRlIjoxMjAwMDAwMDAwMDAwfX0="
        },
        {
          "index_key": "cloudscheduler.googleapis.com",
          "schema_version": 0,
          "attributes": {
            "disable_dependent_services": null,
            "disable_on_destroy": true,
            "id": "perplexity-clone-468820/cloudscheduler.googleapis.com",
            "project": "perplexity-clone-468820",
            "service": "cloudscheduler.googleapis.com",
            "timeouts": null
          },
          "sensitive_attributes": [],
          "private": "eyJlMmJmYjczMC1lY2FhLTExZTYtOGY4OC0zNDM2M2JjN2M0YzAiOnsiY3JlYXRlIjoxMjAwMDAwMDAwMDAwLCJkZWxldGUiOjEyMDAwMDAwMDAwMDAsInJlYWQiOjYwMDAwMDAwMDAwMCwidXBkYXRlIjoxMjAwMDAwMDAwMDAwfX0="
        },
        {
          "index_key": "cloudtasks.googleapis.com",
          "schema_version": 0,
          "attributes": {
            "disable_dependent_services": null,
            "disable_on_destroy": true,
            "id": "perplexity-clone-468820/cloudtasks.googleapis.com",
            "project": "perplexity-clone-468820",
            "service": "cloudtasks.googleapis.com",
            "timeouts": null
          },
          "sensitive_attributes": [],
          "private": "eyJlMmJmYjczMC1lY2FhLTExZTYtOGY4OC0zNDM2M2JjN2M0YzAiOnsiY3JlYXRlIjoxMjAwMDAwMDAwMDAwLCJkZWxldGUiOjEyMDAwMDAwMDAwMDAsInJlYWQiOjYwMDAwMDAwMDAwMCwidXBkYXRlIjoxMjAwMDAwMDAwMDAwfX0="
        },
        {
          "index_key": "compute.googleapis.com",
          "schema_version": 0,
          "attributes": {
            "disable_dependent_services": null,
            "disable_on_destroy": true,
            "id": "perplexity-clone-468820/compute.googleapis.com",
            "project": "perplexity-clone-468820",
            "service": "compute.googleapis.com",
            "timeouts": null
          },
          "sensitive_attributes": [],
          "private": "eyJlMmJmYjczMC1lY2FhLTExZTYtOGY4OC0zNDM2M2JjN2M0YzAiOnsiY3JlYXRlIjoxMjAwMDAwMDAwMDAwLCJkZWxldGUiOjEyMDAwMDAwMDAwMDAsInJlYWQiOjYwMDAwMDAwMDAwMCwidXBkYXRlIjoxMjAwMDAwMDAwMDAwfX0="
        },
        {
          "index_key": "pubsub.googleapis.com",
          "schema_version": 0,
          "attributes": {
            "disable_dependent_services": null,
            "disable_on_destroy": true,
            "id": "perplexity-clone-468820/pubsub.googleapis.com",
            "project": "perplexity-clone-468820",
            "service": "pubsub.googleapis.com",
            "timeouts": null
          },
          "sensitive_attributes": [],
          "private": "eyJlMmJmYjczMC1lY2FhLTExZTYtOGY4OC0zNDM2M2JjN2M0YzAiOnsiY3JlYXRlIjoxMjAwMDAwMDAwMDAwLCJkZWxldGUiOjEyMDAwMDAwMDAwMDAsInJlYWQiOjYwMDAwMDAwMDAwMCwidXBkYXRlIjoxMjAwMDAwMDAwMDAwfX0="
        },
        {
          "index_key": "redis.googleapis.com",
          "schema_version": 0,
          "attributes": {
            "disable_dependent_services": null,
            "disable_on_destroy": true,
            "id": "perplexity-clone-468820/redis.googleapis.com",
            "project": "perplexity-clone-468820",
            "service": "redis.googleapis.com",
            "timeouts": null
          },
          "sensitive_attributes": [],
          "private": "eyJlMmJmYjczMC1lY2FhLTExZTYtOGY4OC0zNDM2M2JjN2M0YzAiOnsiY3JlYXRlIjoxMjAwMDAwMDAwMDAwLCJkZWxldGUiOjEyMDAwMDAwMDAwMDAsInJlYWQiOjYwMDAwMDAwMDAwMCwidXBkYXRlIjoxMjAwMDAwMDAwMDAwfX0="
        },
        {
          "index_key": "run.googleapis.com",
          "schema_version": 0,
          "attributes": {
            "disable_dependent_services": null,
            "disable_on_destroy": true,
            "id": "perplexity-clone-468820/run.googleapis.com",
            "project": "perplexity-clone-468820",
            "service": "run.googleapis.com",
            "timeouts": null
          },
          "sensitive_attributes": [],
          "private": "eyJlMmJmYjczMC1lY2FhLTExZTYtOGY4OC0zNDM2M2JjN2M0YzAiOnsiY3JlYXRlIjoxMjAwMDAwMDAwMDAwLCJkZWxldGUiOjEyMDAwMDAwMDAwMDAsInJlYWQiOjYwMDAwMDAwMDAwMCwidXBkYXRlIjoxMjAwMDAwMDAwMDAwfX0="
        },
        {
          "index_key": "secretmanager.googleapis.com",
          "schema_version": 0,
          "attributes": {
            "disable_dependent_services": null,
            "disable_on_destroy": true,
            "id": "perplexity-clone-468820/secretmanager.googleapis.com",
            "project": "perplexity-clone-468820",
            "service": "secretmanager.googleapis.com",
            "timeouts": null
          },
          "sensitive_attributes": [],
          "private": "eyJlMmJmYjczMC1lY2FhLTExZTYtOGY4OC0zNDM2M2JjN2M0YzAiOnsiY3JlYXRlIjoxMjAwMDAwMDAwMDAwLCJkZWxldGUiOjEyMDAwMDAwMDAwMDAsInJlYWQiOjYwMDAwMDAwMDAwMCwidXBkYXRlIjoxMjAwMDAwMDAwMDAwfX0="
        },
        {
          "index_key": "servicenetworking.googleapis.com",
          "schema_version": 0,
          "attributes": {
            "disable_dependent_services": null,
            "disable_on_destroy": true,
            "id": "perplexity-clone-468820/servicenetworking.googleapis.com",
            "project": "perplexity-clone-468820",
            "service": "servicenetworking.googleapis.com",
            "timeouts": null
          },
          "sensitive_attributes": [],
          "private": "eyJlMmJmYjczMC1lY2FhLTExZTYtOGY4OC0zNDM2M2JjN2M0YzAiOnsiY3JlYXRlIjoxMjAwMDAwMDAwMDAwLCJkZWxldGUiOjEyMDAwMDAwMDAwMDAsInJlYWQiOjYwMDAwMDAwMDAwMCwidXBkYXRlIjoxMjAwMDAwMDAwMDAwfX0="
        },
        {
          "index_key": "vpcaccess.googleapis.com",
          "schema_version": 0,
          "attributes": {
            "disable_dependent_services": null,
            "disable_on_destroy": true,
            "id": "perplexity-clone-468820/vpcaccess.googleapis.com",
            "project": "perplexity-clone-468820",
            "service": "vpcaccess.googleapis.com",
            "timeouts": null
          },
          "sensitive_attributes": [],
          "private": "eyJlMmJmYjczMC1lY2FhLTExZTYtOGY4OC0zNDM2M2JjN2M0YzAiOnsiY3JlYXRlIjoxMjAwMDAwMDAwMDAwLCJkZWxldGUiOjEyMDAwMDAwMDAwMDAsInJlYWQiOjYwMDAwMDAwMDAwMCwidXBkYXRlIjoxMjAwMDAwMDAwMDAwfX0="
        }
      ]
    },
    {
      "mode": "managed",
      "type": "google_redis_instance",
      "name": "change_cache",
      "provider": "provider[\"registry.terraform.io/hashicorp/google\"]",
      "instances": [
        {
          "schema_version": 0,
          "attributes": {
            "alternative_location_id": "",
            "auth_enabled": false,
            "auth_string": "",
            "authorized_network": "projects/perplexity-clone-468820/global/networks/perplexity-clone-vpc",
            "connect_mode": "PRIVATE_SERVICE_ACCESS",
            "create_time": "2025-09-30T05:54:11.026539302Z",
            "current_location_id": "us-central1-c",
            "customer_managed_key": "",
            "display_name": "perplexity-clone change cache",
            "effective_labels": {
              "app": "perplexity-clone",
              "environment": "dev",
              "managed-by": "terraform",
              "service": "redis"
            },
            "host": "10.136.0.3",
            "id": "projects/perplexity-clone-468820/locations/us-central1/instances/perplexity-clone-redis",
            "labels": {
              "app": "perplexity-clone",
              "environment": "dev",
              "managed-by": "terraform",
              "service": "redis"
            },
            "location_id": "us-central1-c",
            "maintenance_policy": [],
            "maintenance_schedule": [],
            "maintenance_version": "20250806_01_00",
            "memory_size_gb": 1,
            "name": "perplexity-clone-redis",
            "nodes": [
              {
                "id": "node-0",
                "zone": "us-central1-c"
              }
            ],
            "persistence_config": [
              {
                "persistence_mode": "DISABLED",
                "rdb_next_snapshot_time": "",
                "rdb_snapshot_period": "",
                "rdb_snapshot_start_time": ""
              }
            ],
            "persistence_iam_identity": "serviceAccount:service-233562799891@cloud-redis.iam.gserviceaccount.com",
            "port": 6379,
            "project": "perplexity-clone-468820",
            "read_endpoint": "",
            "read_endpoint_port": 0,
            "read_replicas_mode": "READ_REPLICAS_DISABLED",
            "redis_configs": {},
            "redis_version": "REDIS_7_0",
            "region": "us-central1",
            "replica_count": 0,
            "reserved_ip_range": null,
            "secondary_ip_range": "",
            "server_ca_certs": [],
            "terraform_labels": {
              "app": "perplexity-clone",
              "environment": "dev",
              "managed-by": "terraform",
              "service": "redis"
            },
            "tier": "BASIC",
            "timeouts": null,
            "transit_encryption_mode": "DISABLED"
          },
          "sensitive_attributes": [],
          "private": "eyJlMmJmYjczMC1lY2FhLTExZTYtOGY4OC0zNDM2M2JjN2M0YzAiOnsiY3JlYXRlIjoxMjAwMDAwMDAwMDAwLCJkZWxldGUiOjEyMDAwMDAwMDAwMDAsInVwZGF0ZSI6MTIwMDAwMDAwMDAwMH19",
          "dependencies": [
            "google_compute_global_address.psa_range",
            "google_compute_network.vpc",
            "google_project_service.required",
            "google_service_networking_connection.psa_connection"
          ]
        }
      ]
    },
    {
      "mode": "managed",
      "type": "google_secret_manager_secret",
      "name": "app_secrets",
      "provider": "provider[\"registry.terraform.io/hashicorp/google\"]",
      "instances": [
        {
          "schema_version": 0,
          "attributes": {
            "annotations": {},
            "create_time": "2025-09-30T01:14:00.535978Z",
            "effective_annotations": {},
            "effective_labels": {
              "app": "perplexity-clone",
              "cost-center": "engineering",
              "environment": "dev",
              "managed-by": "terraform",
              "team": "platform"
            },
            "expire_time": "",
            "id": "projects/perplexity-clone-468820/secrets/perplexity-clone-secrets",
            "labels": {
              "app": "perplexity-clone",
              "cost-center": "engineering",
              "environment": "dev",
              "managed-by": "terraform",
              "team": "platform"
            },
            "name": "projects/233562799891/secrets/perplexity-clone-secrets",
            "project": "perplexity-clone-468820",
            "replication": [
              {
                "auto": [
                  {
                    "customer_managed_encryption": []
                  }
                ],
                "user_managed": []
              }
            ],
            "rotation": [],
            "secret_id": "perplexity-clone-secrets",
            "terraform_labels": {
              "app": "perplexity-clone",
              "cost-center": "engineering",
              "environment": "dev",
              "managed-by": "terraform",
              "team": "platform"
            },
            "timeouts": null,
            "topics": [],
            "ttl": null,
            "version_aliases": {},
            "version_destroy_ttl": ""
          },
          "sensitive_attributes": [],
          "private": "eyJlMmJmYjczMC1lY2FhLTExZTYtOGY4OC0zNDM2M2JjN2M0YzAiOnsiY3JlYXRlIjoxMjAwMDAwMDAwMDAwLCJkZWxldGUiOjEyMDAwMDAwMDAwMDAsInVwZGF0ZSI6MTIwMDAwMDAwMDAwMH19"
        }
      ]
    },
    {
      "mode": "managed",
      "type": "google_secret_manager_secret_iam_member",
      "name": "secret_access",
      "provider": "provider[\"registry.terraform.io/hashicorp/google\"]",
      "instances": [
        {
          "schema_version": 0,
          "attributes": {
            "condition": [],
            "etag": "BwY/+nhBUH4=",
            "id": "projects/perplexity-clone-468820/secrets/perplexity-clone-secrets/roles/secretmanager.secretAccessor/serviceAccount:perplexity-clone-cloud-run-sa@perplexity-clone-468820.iam.gserviceaccount.com",
            "member": "serviceAccount:perplexity-clone-cloud-run-sa@perplexity-clone-468820.iam.gserviceaccount.com",
            "project": "perplexity-clone-468820",
            "role": "roles/secretmanager.secretAccessor",
            "secret_id": "projects/perplexity-clone-468820/secrets/perplexity-clone-secrets"
          },
          "sensitive_attributes": [],
          "private": "bnVsbA==",
          "dependencies": [
            "google_secret_manager_secret.app_secrets",
            "google_service_account.cloud_run_sa"
          ]
        }
      ]
    },
    {
      "mode": "managed",
      "type": "google_secret_manager_secret_version",
      "name": "app_secrets_version",
      "provider": "provider[\"registry.terraform.io/hashicorp/google\"]",
      "instances": [
        {
          "schema_version": 0,
          "attributes": {
            "create_time": "2025-09-30T01:14:11.387497Z",
            "deletion_policy": "DELETE",
            "destroy_time": "",
            "enabled": true,
            "id": "projects/233562799891/secrets/perplexity-clone-secrets/versions/1",
            "is_secret_data_base64": false,
            "name": "projects/233562799891/secrets/perplexity-clone-secrets/versions/1",
            "secret": "projects/perplexity-clone-468820/secrets/perplexity-clone-secrets",
            "secret_data": "placeholder-secret-value",
            "timeouts": null,
            "version": "1"
          },
          "sensitive_attributes": [],
          "private": "eyJlMmJmYjczMC1lY2FhLTExZTYtOGY4OC0zNDM2M2JjN2M0YzAiOnsiY3JlYXRlIjoxMjAwMDAwMDAwMDAwLCJkZWxldGUiOjEyMDAwMDAwMDAwMDAsInVwZGF0ZSI6MTIwMDAwMDAwMDAwMH19",
          "dependencies": [
            "google_secret_manager_secret.app_secrets"
          ]
        }
      ]
    },
    {
      "mode": "managed",
      "type": "google_service_account",
      "name": "cloud_run_sa",
      "provider": "provider[\"registry.terraform.io/hashicorp/google\"]",
      "instances": [
        {
          "schema_version": 0,
          "attributes": {
            "account_id": "perplexity-clone-cloud-run-sa",
            "create_ignore_already_exists": null,
            "description": "Service account used by Cloud Run services to access GCP resources",
            "disabled": false,
            "display_name": "Service Account for perplexity-clone Cloud Run services",
            "email": "perplexity-clone-cloud-run-sa@perplexity-clone-468820.iam.gserviceaccount.com",
            "id": "projects/perplexity-clone-468820/serviceAccounts/perplexity-clone-cloud-run-sa@perplexity-clone-468820.iam.gserviceaccount.com",
            "member": "serviceAccount:perplexity-clone-cloud-run-sa@perplexity-clone-468820.iam.gserviceaccount.com",
            "name": "projects/perplexity-clone-468820/serviceAccounts/perplexity-clone-cloud-run-sa@perplexity-clone-468820.iam.gserviceaccount.com",
            "project": "perplexity-clone-468820",
            "timeouts": null,
            "unique_id": "102426393471525249752"
          },
          "sensitive_attributes": [],
          "private": "eyJlMmJmYjczMC1lY2FhLTExZTYtOGY4OC0zNDM2M2JjN2M0YzAiOnsiY3JlYXRlIjozMDAwMDAwMDAwMDB9fQ=="
        }
      ]
    },
    {
      "mode": "managed",
      "type": "google_service_account",
      "name": "scheduler_sa",
      "provider": "provider[\"registry.terraform.io/hashicorp/google\"]",
      "instances": [
        {
          "schema_version": 0,
          "attributes": {
            "account_id": "perplexity-clone-scheduler-sa",
            "create_ignore_already_exists": null,
            "description": "Invokes dispatcher Cloud Run service on schedule",
            "disabled": false,
            "display_name": "Service Account for perplexity-clone Cloud Scheduler",
            "email": "perplexity-clone-scheduler-sa@perplexity-clone-468820.iam.gserviceaccount.com",
            "id": "projects/perplexity-clone-468820/serviceAccounts/perplexity-clone-scheduler-sa@perplexity-clone-468820.iam.gserviceaccount.com",
            "member": "serviceAccount:perplexity-clone-scheduler-sa@perplexity-clone-468820.iam.gserviceaccount.com",
            "name": "projects/perplexity-clone-468820/serviceAccounts/perplexity-clone-scheduler-sa@perplexity-clone-468820.iam.gserviceaccount.com",
            "project": "perplexity-clone-468820",
            "timeouts": null,
            "unique_id": "107394534314237237890"
          },
          "sensitive_attributes": [],
          "private": "eyJlMmJmYjczMC1lY2FhLTExZTYtOGY4OC0zNDM2M2JjN2M0YzAiOnsiY3JlYXRlIjozMDAwMDAwMDAwMDB9LCJzY2hlbWFfdmVyc2lvbiI6IjAifQ=="
        }
      ]
    },
    {
      "mode": "managed",
      "type": "google_service_networking_connection",
      "name": "psa_connection",
      "provider": "provider[\"registry.terraform.io/hashicorp/google\"]",
      "instances": [
        {
          "schema_version": 0,
          "attributes": {
            "deletion_policy": null,
            "id": "projects%2Fperplexity-clone-468820%2Fglobal%2Fnetworks%2Fperplexity-clone-vpc:servicenetworking.googleapis.com",
            "network": "projects/perplexity-clone-468820/global/networks/perplexity-clone-vpc",
            "peering": "servicenetworking-googleapis-com",
            "reserved_peering_ranges": [
              "perplexity-clone-psa-range"
            ],
            "service": "servicenetworking.googleapis.com",
            "timeouts": null,
            "update_on_creation_fail": null
          },
          "sensitive_attributes": [],
          "private": "eyJlMmJmYjczMC1lY2FhLTExZTYtOGY4OC0zNDM2M2JjN2M0YzAiOnsiY3JlYXRlIjo2MDAwMDAwMDAwMDAsImRlbGV0ZSI6NjAwMDAwMDAwMDAwLCJ1cGRhdGUiOjYwMDAwMDAwMDAwMH19",
          "dependencies": [
            "google_compute_global_address.psa_range",
            "google_compute_network.vpc"
          ]
        }
      ]
    },
    {
      "mode": "managed",
      "type": "google_storage_bucket",
      "name": "terraform_state",
      "provider": "provider[\"registry.terraform.io/hashicorp/google\"]",
      "instances": [
        {
          "schema_version": 2,
          "attributes": {
            "autoclass": [],
            "cors": [],
            "custom_placement_config": [],
            "default_event_based_hold": false,
            "effective_labels": {
              "app": "perplexity-clone",
              "cost-center": "engineering",
              "environment": "dev",
              "managed-by": "terraform",
              "purpose": "terraform-state",
              "team": "platform"
            },
            "enable_object_retention": false,
            "encryption": [],
            "force_destroy": false,
            "id": "perplexity-clone-terraform-state-perplexity-clone-468820",
            "labels": {
              "app": "perplexity-clone",
              "cost-center": "engineering",
              "environment": "dev",
              "managed-by": "terraform",
              "purpose": "terraform-state",
              "team": "platform"
            },
            "lifecycle_rule": [
              {
                "action": [
                  {
                    "storage_class": "",
                    "type": "Delete"
                  }
                ],
                "condition": [
                  {
                    "age": 90,
                    "created_before": "",
                    "custom_time_before": "",
                    "days_since_custom_time": 0,
                    "days_since_noncurrent_time": 0,
                    "matches_prefix": [],
                    "matches_storage_class": [],
                    "matches_suffix": [],
                    "no_age": false,
                    "noncurrent_time_before": "",
                    "num_newer_versions": 0,
                    "send_age_if_zero": true,
                    "send_days_since_custom_time_if_zero": false,
                    "send_days_since_noncurrent_time_if_zero": false,
                    "send_num_newer_versions_if_zero": false,
                    "with_state": "ANY"
                  }
                ]
              }
            ],
            "location": "US-CENTRAL1",
            "logging": [],
            "name": "perplexity-clone-terraform-state-perplexity-clone-468820",
            "project": "perplexity-clone-468820",
            "project_number": 233562799891,
            "public_access_prevention": "inherited",
            "requester_pays": false,
            "retention_policy": [],
            "rpo": null,
            "self_link": "https://www.googleapis.com/storage/v1/b/perplexity-clone-terraform-state-perplexity-clone-468820",
            "soft_delete_policy": [
              {
                "effective_time": "2025-09-30T01:14:00.985Z",
                "retention_duration_seconds": 604800
              }
            ],
            "storage_class": "STANDARD",
            "terraform_labels": {
              "app": "perplexity-clone",
              "cost-center": "engineering",
              "environment": "dev",
              "managed-by": "terraform",
              "purpose": "terraform-state",
              "team": "platform"
            },
            "timeouts": null,
            "uniform_bucket_level_access": false,
            "url": "gs://perplexity-clone-terraform-state-perplexity-clone-468820",
            "versioning": [
              {
                "enabled": true
              }
            ],
            "website": []
          },
          "sensitive_attributes": [],
          "private": "eyJlMmJmYjczMC1lY2FhLTExZTYtOGY4OC0zNDM2M2JjN2M0YzAiOnsiY3JlYXRlIjo2MDAwMDAwMDAwMDAsInJlYWQiOjI0MDAwMDAwMDAwMCwidXBkYXRlIjoyNDAwMDAwMDAwMDB9LCJzY2hlbWFfdmVyc2lvbiI6IjIifQ=="
        }
      ]
    },
    {
      "mode": "managed",
      "type": "google_vpc_access_connector",
      "name": "cloud_run",
      "provider": "provider[\"registry.terraform.io/hashicorp/google\"]",
      "instances": [
        {
          "schema_version": 0,
          "attributes": {
            "connected_projects": [
              "perplexity-clone-468820"
            ],
            "id": "projects/perplexity-clone-468820/locations/us-central1/connectors/perplexity-clone-conn",
            "ip_cidr_range": "10.8.0.0/28",
            "machine_type": "e2-micro",
            "max_instances": 3,
            "max_throughput": 300,
            "min_instances": 2,
            "min_throughput": 200,
            "name": "perplexity-clone-conn",
            "network": "perplexity-clone-vpc",
            "project": "perplexity-clone-468820",
            "region": "us-central1",
            "self_link": "projects/perplexity-clone-468820/locations/us-central1/connectors/perplexity-clone-conn",
            "state": "READY",
            "subnet": [],
            "timeouts": null
          },
          "sensitive_attributes": [],
          "private": "eyJlMmJmYjczMC1lY2FhLTExZTYtOGY4OC0zNDM2M2JjN2M0YzAiOnsiY3JlYXRlIjoxMjAwMDAwMDAwMDAwLCJkZWxldGUiOjEyMDAwMDAwMDAwMDB9fQ==",
          "dependencies": [
            "google_compute_network.vpc",
            "google_project_service.required"
          ]
        }
      ]
    }
  ],
  "check_results": null
}
